// !$*UTF8*$!
{
	archiveVersion = 1;
	classes = {
	};
	objectVersion = 56;
	objects = {

/* Begin PBXBuildFile section */
		0502F3402BC67B4200B89FE5 /* AppDelegate.swift in Sources */ = {isa = PBXBuildFile; fileRef = 0502F33F2BC67B4200B89FE5 /* AppDelegate.swift */; };
		0502F3422BC67B4200B89FE5 /* SceneDelegate.swift in Sources */ = {isa = PBXBuildFile; fileRef = 0502F3412BC67B4200B89FE5 /* SceneDelegate.swift */; };
		0502F3442BC67B4200B89FE5 /* HomeVC.swift in Sources */ = {isa = PBXBuildFile; fileRef = 0502F3432BC67B4200B89FE5 /* HomeVC.swift */; };
		0502F3472BC67B4200B89FE5 /* Main.storyboard in Resources */ = {isa = PBXBuildFile; fileRef = 0502F3452BC67B4200B89FE5 /* Main.storyboard */; };
		0502F34A2BC67B4200B89FE5 /* SentiMate.xcdatamodeld in Sources */ = {isa = PBXBuildFile; fileRef = 0502F3482BC67B4200B89FE5 /* SentiMate.xcdatamodeld */; };
		0502F34C2BC67B4500B89FE5 /* Assets.xcassets in Resources */ = {isa = PBXBuildFile; fileRef = 0502F34B2BC67B4500B89FE5 /* Assets.xcassets */; };
		0502F34F2BC67B4500B89FE5 /* LaunchScreen.storyboard in Resources */ = {isa = PBXBuildFile; fileRef = 0502F34D2BC67B4500B89FE5 /* LaunchScreen.storyboard */; };
		0571E2EA2BC790340049B73E /* CNNEmotions.mlmodel in Sources */ = {isa = PBXBuildFile; fileRef = 0571E2E92BC790340049B73E /* CNNEmotions.mlmodel */; };
		0571E2F32BC7BD1A0049B73E /* PostDetailVC.swift in Sources */ = {isa = PBXBuildFile; fileRef = 0571E2F22BC7BD1A0049B73E /* PostDetailVC.swift */; };
		0574CA132BC7D54A0075A296 /* DateCell.swift in Sources */ = {isa = PBXBuildFile; fileRef = 0574CA122BC7D54A0075A296 /* DateCell.swift */; };
		0574CA162BC7D5BD0075A296 /* EmotionCell.swift in Sources */ = {isa = PBXBuildFile; fileRef = 0574CA152BC7D5BD0075A296 /* EmotionCell.swift */; };
		0574CA182BC7D5D80075A296 /* CategoryCell.swift in Sources */ = {isa = PBXBuildFile; fileRef = 0574CA172BC7D5D80075A296 /* CategoryCell.swift */; };
		0574CA1A2BC7DB360075A296 /* TextFieldCell.swift in Sources */ = {isa = PBXBuildFile; fileRef = 0574CA192BC7DB360075A296 /* TextFieldCell.swift */; };
		059E446A2BC6A5DF00184989 /* AnalyticsVC.swift in Sources */ = {isa = PBXBuildFile; fileRef = 059E44692BC6A5DF00184989 /* AnalyticsVC.swift */; };
		059E446C2BC6A7A900184989 /* PostVC.swift in Sources */ = {isa = PBXBuildFile; fileRef = 059E446B2BC6A7A900184989 /* PostVC.swift */; };
		059E446E2BC6A7FE00184989 /* MusicVC.swift in Sources */ = {isa = PBXBuildFile; fileRef = 059E446D2BC6A7FE00184989 /* MusicVC.swift */; };
		61A796334CB49D8E7BD734FA /* Pods_SentiMate.framework in Frameworks */ = {isa = PBXBuildFile; fileRef = 52DC112692918C5E2064F9FD /* Pods_SentiMate.framework */; };
/* End PBXBuildFile section */

/* Begin PBXFileReference section */
		0502F33C2BC67B4200B89FE5 /* SentiMate.app */ = {isa = PBXFileReference; explicitFileType = wrapper.application; includeInIndex = 0; path = SentiMate.app; sourceTree = BUILT_PRODUCTS_DIR; };
		0502F33F2BC67B4200B89FE5 /* AppDelegate.swift */ = {isa = PBXFileReference; lastKnownFileType = sourcecode.swift; path = AppDelegate.swift; sourceTree = "<group>"; };
		0502F3412BC67B4200B89FE5 /* SceneDelegate.swift */ = {isa = PBXFileReference; lastKnownFileType = sourcecode.swift; path = SceneDelegate.swift; sourceTree = "<group>"; };
		0502F3432BC67B4200B89FE5 /* HomeVC.swift */ = {isa = PBXFileReference; lastKnownFileType = sourcecode.swift; path = HomeVC.swift; sourceTree = "<group>"; };
		0502F3462BC67B4200B89FE5 /* Base */ = {isa = PBXFileReference; lastKnownFileType = file.storyboard; name = Base; path = Base.lproj/Main.storyboard; sourceTree = "<group>"; };
		0502F3492BC67B4200B89FE5 /* SentiMate.xcdatamodel */ = {isa = PBXFileReference; lastKnownFileType = wrapper.xcdatamodel; path = SentiMate.xcdatamodel; sourceTree = "<group>"; };
		0502F34B2BC67B4500B89FE5 /* Assets.xcassets */ = {isa = PBXFileReference; lastKnownFileType = folder.assetcatalog; path = Assets.xcassets; sourceTree = "<group>"; };
		0502F34E2BC67B4500B89FE5 /* Base */ = {isa = PBXFileReference; lastKnownFileType = file.storyboard; name = Base; path = Base.lproj/LaunchScreen.storyboard; sourceTree = "<group>"; };
		0502F3502BC67B4500B89FE5 /* Info.plist */ = {isa = PBXFileReference; lastKnownFileType = text.plist.xml; path = Info.plist; sourceTree = "<group>"; };
		0571E2E92BC790340049B73E /* CNNEmotions.mlmodel */ = {isa = PBXFileReference; lastKnownFileType = file.mlmodel; path = CNNEmotions.mlmodel; sourceTree = "<group>"; };
		0571E2F22BC7BD1A0049B73E /* PostDetailVC.swift */ = {isa = PBXFileReference; lastKnownFileType = sourcecode.swift; path = PostDetailVC.swift; sourceTree = "<group>"; };
		0574CA122BC7D54A0075A296 /* DateCell.swift */ = {isa = PBXFileReference; lastKnownFileType = sourcecode.swift; name = DateCell.swift; path = SentiMate/Controllers/PostDetailCell/DateCell.swift; sourceTree = SOURCE_ROOT; };
		0574CA152BC7D5BD0075A296 /* EmotionCell.swift */ = {isa = PBXFileReference; lastKnownFileType = sourcecode.swift; path = EmotionCell.swift; sourceTree = "<group>"; };
		0574CA172BC7D5D80075A296 /* CategoryCell.swift */ = {isa = PBXFileReference; lastKnownFileType = sourcecode.swift; path = CategoryCell.swift; sourceTree = "<group>"; };
		0574CA192BC7DB360075A296 /* TextFieldCell.swift */ = {isa = PBXFileReference; lastKnownFileType = sourcecode.swift; path = TextFieldCell.swift; sourceTree = "<group>"; };
		059E44692BC6A5DF00184989 /* AnalyticsVC.swift */ = {isa = PBXFileReference; lastKnownFileType = sourcecode.swift; path = AnalyticsVC.swift; sourceTree = "<group>"; };
		059E446B2BC6A7A900184989 /* PostVC.swift */ = {isa = PBXFileReference; lastKnownFileType = sourcecode.swift; path = PostVC.swift; sourceTree = "<group>"; };
		059E446D2BC6A7FE00184989 /* MusicVC.swift */ = {isa = PBXFileReference; lastKnownFileType = sourcecode.swift; path = MusicVC.swift; sourceTree = "<group>"; };
		1E2DF8D8614B3729AF54058A /* Pods-SentiMate.debug.xcconfig */ = {isa = PBXFileReference; includeInIndex = 1; lastKnownFileType = text.xcconfig; name = "Pods-SentiMate.debug.xcconfig"; path = "Target Support Files/Pods-SentiMate/Pods-SentiMate.debug.xcconfig"; sourceTree = "<group>"; };
		52DC112692918C5E2064F9FD /* Pods_SentiMate.framework */ = {isa = PBXFileReference; explicitFileType = wrapper.framework; includeInIndex = 0; path = Pods_SentiMate.framework; sourceTree = BUILT_PRODUCTS_DIR; };
		EC50F02A987BF42F8DC6D074 /* Pods-SentiMate.release.xcconfig */ = {isa = PBXFileReference; includeInIndex = 1; lastKnownFileType = text.xcconfig; name = "Pods-SentiMate.release.xcconfig"; path = "Target Support Files/Pods-SentiMate/Pods-SentiMate.release.xcconfig"; sourceTree = "<group>"; };
/* End PBXFileReference section */

/* Begin PBXFrameworksBuildPhase section */
		0502F3392BC67B4200B89FE5 /* Frameworks */ = {
			isa = PBXFrameworksBuildPhase;
			buildActionMask = 2147483647;
			files = (
				61A796334CB49D8E7BD734FA /* Pods_SentiMate.framework in Frameworks */,
			);
			runOnlyForDeploymentPostprocessing = 0;
		};
/* End PBXFrameworksBuildPhase section */

/* Begin PBXGroup section */
		04B81AB2129553DD24DAF1A8 /* Pods */ = {
			isa = PBXGroup;
			children = (
				1E2DF8D8614B3729AF54058A /* Pods-SentiMate.debug.xcconfig */,
				EC50F02A987BF42F8DC6D074 /* Pods-SentiMate.release.xcconfig */,
			);
			path = Pods;
			sourceTree = "<group>";
		};
		0502F3332BC67B4200B89FE5 = {
			isa = PBXGroup;
			children = (
				0502F33E2BC67B4200B89FE5 /* SentiMate */,
				0502F33D2BC67B4200B89FE5 /* Products */,
				04B81AB2129553DD24DAF1A8 /* Pods */,
				39F4C3CCA6CB76156DBBC777 /* Frameworks */,
			);
			sourceTree = "<group>";
		};
		0502F33D2BC67B4200B89FE5 /* Products */ = {
			isa = PBXGroup;
			children = (
				0502F33C2BC67B4200B89FE5 /* SentiMate.app */,
			);
			name = Products;
			sourceTree = "<group>";
		};
		0502F33E2BC67B4200B89FE5 /* SentiMate */ = {
			isa = PBXGroup;
			children = (
				0571E2F12BC799000049B73E /* Model */,
				0571E2EB2BC7979E0049B73E /* Controllers */,
				0502F33F2BC67B4200B89FE5 /* AppDelegate.swift */,
				0502F3412BC67B4200B89FE5 /* SceneDelegate.swift */,
				0502F3452BC67B4200B89FE5 /* Main.storyboard */,
				0502F34B2BC67B4500B89FE5 /* Assets.xcassets */,
				0502F34D2BC67B4500B89FE5 /* LaunchScreen.storyboard */,
				0502F3502BC67B4500B89FE5 /* Info.plist */,
				0571E2E92BC790340049B73E /* CNNEmotions.mlmodel */,
				0502F3482BC67B4200B89FE5 /* SentiMate.xcdatamodeld */,
			);
			path = SentiMate;
			sourceTree = "<group>";
		};
		0571E2EB2BC7979E0049B73E /* Controllers */ = {
			isa = PBXGroup;
			children = (
				059E446D2BC6A7FE00184989 /* MusicVC.swift */,
				0571E2F22BC7BD1A0049B73E /* PostDetailVC.swift */,
				0574CA142BC7D54F0075A296 /* PostDetailCell */,
				059E446B2BC6A7A900184989 /* PostVC.swift */,
				059E44692BC6A5DF00184989 /* AnalyticsVC.swift */,
				0502F3432BC67B4200B89FE5 /* HomeVC.swift */,
			);
			path = Controllers;
			sourceTree = "<group>";
		};
		0571E2F12BC799000049B73E /* Model */ = {
			isa = PBXGroup;
			children = (
			);
			path = Model;
			sourceTree = "<group>";
		};
		0574CA142BC7D54F0075A296 /* PostDetailCell */ = {
			isa = PBXGroup;
			children = (
				0574CA122BC7D54A0075A296 /* DateCell.swift */,
				0574CA152BC7D5BD0075A296 /* EmotionCell.swift */,
				0574CA172BC7D5D80075A296 /* CategoryCell.swift */,
				0574CA192BC7DB360075A296 /* TextFieldCell.swift */,
			);
			path = PostDetailCell;
			sourceTree = "<group>";
		};
		39F4C3CCA6CB76156DBBC777 /* Frameworks */ = {
			isa = PBXGroup;
			children = (
				52DC112692918C5E2064F9FD /* Pods_SentiMate.framework */,
			);
			name = Frameworks;
			sourceTree = "<group>";
		};
/* End PBXGroup section */

/* Begin PBXNativeTarget section */
		0502F33B2BC67B4200B89FE5 /* SentiMate */ = {
			isa = PBXNativeTarget;
			buildConfigurationList = 0502F3532BC67B4500B89FE5 /* Build configuration list for PBXNativeTarget "SentiMate" */;
			buildPhases = (
				6717331B235227CD0C8EC4EF /* [CP] Check Pods Manifest.lock */,
				0502F3382BC67B4200B89FE5 /* Sources */,
				0502F3392BC67B4200B89FE5 /* Frameworks */,
				0502F33A2BC67B4200B89FE5 /* Resources */,
				42C6686651C79C02C3E74C59 /* [CP] Embed Pods Frameworks */,
				0571E2E82BC7727C0049B73E /* ShellScript */,
			);
			buildRules = (
			);
			dependencies = (
			);
			name = SentiMate;
			productName = SentiMate;
			productReference = 0502F33C2BC67B4200B89FE5 /* SentiMate.app */;
			productType = "com.apple.product-type.application";
		};
/* End PBXNativeTarget section */

/* Begin PBXProject section */
		0502F3342BC67B4200B89FE5 /* Project object */ = {
			isa = PBXProject;
			attributes = {
				BuildIndependentTargetsInParallel = 1;
				LastSwiftUpdateCheck = 1520;
				LastUpgradeCheck = 1520;
				TargetAttributes = {
					0502F33B2BC67B4200B89FE5 = {
						CreatedOnToolsVersion = 15.2;
					};
				};
			};
			buildConfigurationList = 0502F3372BC67B4200B89FE5 /* Build configuration list for PBXProject "SentiMate" */;
			compatibilityVersion = "Xcode 14.0";
			developmentRegion = en;
			hasScannedForEncodings = 0;
			knownRegions = (
				en,
				Base,
			);
			mainGroup = 0502F3332BC67B4200B89FE5;
			productRefGroup = 0502F33D2BC67B4200B89FE5 /* Products */;
			projectDirPath = "";
			projectRoot = "";
			targets = (
				0502F33B2BC67B4200B89FE5 /* SentiMate */,
			);
		};
/* End PBXProject section */

/* Begin PBXResourcesBuildPhase section */
		0502F33A2BC67B4200B89FE5 /* Resources */ = {
			isa = PBXResourcesBuildPhase;
			buildActionMask = 2147483647;
			files = (
				0502F34F2BC67B4500B89FE5 /* LaunchScreen.storyboard in Resources */,
				0502F34C2BC67B4500B89FE5 /* Assets.xcassets in Resources */,
				0502F3472BC67B4200B89FE5 /* Main.storyboard in Resources */,
			);
			runOnlyForDeploymentPostprocessing = 0;
		};
/* End PBXResourcesBuildPhase section */

/* Begin PBXShellScriptBuildPhase section */
		0571E2E82BC7727C0049B73E /* ShellScript */ = {
			isa = PBXShellScriptBuildPhase;
			buildActionMask = 2147483647;
			files = (
			);
			inputFileListPaths = (
			);
			inputPaths = (
			);
			outputFileListPaths = (
			);
			outputPaths = (
			);
			runOnlyForDeploymentPostprocessing = 0;
			shellPath = /bin/sh;
			shellScript = "# Type a script or drag a script file from your workspace to insert its path.\n\"${PODS_ROOT}/SwiftLint/swiftlint\"\n";
		};
		42C6686651C79C02C3E74C59 /* [CP] Embed Pods Frameworks */ = {
			isa = PBXShellScriptBuildPhase;
			buildActionMask = 2147483647;
			files = (
			);
			inputFileListPaths = (
				"${PODS_ROOT}/Target Support Files/Pods-SentiMate/Pods-SentiMate-frameworks-${CONFIGURATION}-input-files.xcfilelist",
			);
			name = "[CP] Embed Pods Frameworks";
			outputFileListPaths = (
				"${PODS_ROOT}/Target Support Files/Pods-SentiMate/Pods-SentiMate-frameworks-${CONFIGURATION}-output-files.xcfilelist",
			);
			runOnlyForDeploymentPostprocessing = 0;
			shellPath = /bin/sh;
			shellScript = "\"${PODS_ROOT}/Target Support Files/Pods-SentiMate/Pods-SentiMate-frameworks.sh\"\n";
			showEnvVarsInLog = 0;
		};
		6717331B235227CD0C8EC4EF /* [CP] Check Pods Manifest.lock */ = {
			isa = PBXShellScriptBuildPhase;
			buildActionMask = 2147483647;
			files = (
			);
			inputFileListPaths = (
			);
			inputPaths = (
				"${PODS_PODFILE_DIR_PATH}/Podfile.lock",
				"${PODS_ROOT}/Manifest.lock",
			);
			name = "[CP] Check Pods Manifest.lock";
			outputFileListPaths = (
			);
			outputPaths = (
				"$(DERIVED_FILE_DIR)/Pods-SentiMate-checkManifestLockResult.txt",
			);
			runOnlyForDeploymentPostprocessing = 0;
			shellPath = /bin/sh;
			shellScript = "diff \"${PODS_PODFILE_DIR_PATH}/Podfile.lock\" \"${PODS_ROOT}/Manifest.lock\" > /dev/null\nif [ $? != 0 ] ; then\n    # print error to STDERR\n    echo \"error: The sandbox is not in sync with the Podfile.lock. Run 'pod install' or update your CocoaPods installation.\" >&2\n    exit 1\nfi\n# This output is used by Xcode 'outputs' to avoid re-running this script phase.\necho \"SUCCESS\" > \"${SCRIPT_OUTPUT_FILE_0}\"\n";
			showEnvVarsInLog = 0;
		};
/* End PBXShellScriptBuildPhase section */

/* Begin PBXSourcesBuildPhase section */
		0502F3382BC67B4200B89FE5 /* Sources */ = {
			isa = PBXSourcesBuildPhase;
			buildActionMask = 2147483647;
			files = (
				0571E2EA2BC790340049B73E /* CNNEmotions.mlmodel in Sources */,
				0574CA132BC7D54A0075A296 /* DateCell.swift in Sources */,
				0571E2F32BC7BD1A0049B73E /* PostDetailVC.swift in Sources */,
				059E446E2BC6A7FE00184989 /* MusicVC.swift in Sources */,
				059E446C2BC6A7A900184989 /* PostVC.swift in Sources */,
				0574CA162BC7D5BD0075A296 /* EmotionCell.swift in Sources */,
				0502F34A2BC67B4200B89FE5 /* SentiMate.xcdatamodeld in Sources */,
				0574CA1A2BC7DB360075A296 /* TextFieldCell.swift in Sources */,
				059E446A2BC6A5DF00184989 /* AnalyticsVC.swift in Sources */,
				0502F3442BC67B4200B89FE5 /* HomeVC.swift in Sources */,
				0502F3402BC67B4200B89FE5 /* AppDelegate.swift in Sources */,
				0502F3422BC67B4200B89FE5 /* SceneDelegate.swift in Sources */,
				0574CA182BC7D5D80075A296 /* CategoryCell.swift in Sources */,
			);
			runOnlyForDeploymentPostprocessing = 0;
		};
/* End PBXSourcesBuildPhase section */

/* Begin PBXVariantGroup section */
		0502F3452BC67B4200B89FE5 /* Main.storyboard */ = {
			isa = PBXVariantGroup;
			children = (
				0502F3462BC67B4200B89FE5 /* Base */,
			);
			name = Main.storyboard;
			sourceTree = "<group>";
		};
		0502F34D2BC67B4500B89FE5 /* LaunchScreen.storyboard */ = {
			isa = PBXVariantGroup;
			children = (
				0502F34E2BC67B4500B89FE5 /* Base */,
			);
			name = LaunchScreen.storyboard;
			sourceTree = "<group>";
		};
/* End PBXVariantGroup section */

/* Begin XCBuildConfiguration section */
		0502F3512BC67B4500B89FE5 /* Debug */ = {
			isa = XCBuildConfiguration;
			buildSettings = {
				ALWAYS_SEARCH_USER_PATHS = NO;
				ASSETCATALOG_COMPILER_GENERATE_SWIFT_ASSET_SYMBOL_EXTENSIONS = YES;
				CLANG_ANALYZER_NONNULL = YES;
				CLANG_ANALYZER_NUMBER_OBJECT_CONVERSION = YES_AGGRESSIVE;
				CLANG_CXX_LANGUAGE_STANDARD = "gnu++20";
				CLANG_ENABLE_MODULES = YES;
				CLANG_ENABLE_OBJC_ARC = YES;
				CLANG_ENABLE_OBJC_WEAK = YES;
				CLANG_WARN_BLOCK_CAPTURE_AUTORELEASING = YES;
				CLANG_WARN_BOOL_CONVERSION = YES;
				CLANG_WARN_COMMA = YES;
				CLANG_WARN_CONSTANT_CONVERSION = YES;
				CLANG_WARN_DEPRECATED_OBJC_IMPLEMENTATIONS = YES;
				CLANG_WARN_DIRECT_OBJC_ISA_USAGE = YES_ERROR;
				CLANG_WARN_DOCUMENTATION_COMMENTS = YES;
				CLANG_WARN_EMPTY_BODY = YES;
				CLANG_WARN_ENUM_CONVERSION = YES;
				CLANG_WARN_INFINITE_RECURSION = YES;
				CLANG_WARN_INT_CONVERSION = YES;
				CLANG_WARN_NON_LITERAL_NULL_CONVERSION = YES;
				CLANG_WARN_OBJC_IMPLICIT_RETAIN_SELF = YES;
				CLANG_WARN_OBJC_LITERAL_CONVERSION = YES;
				CLANG_WARN_OBJC_ROOT_CLASS = YES_ERROR;
				CLANG_WARN_QUOTED_INCLUDE_IN_FRAMEWORK_HEADER = YES;
				CLANG_WARN_RANGE_LOOP_ANALYSIS = YES;
				CLANG_WARN_STRICT_PROTOTYPES = YES;
				CLANG_WARN_SUSPICIOUS_MOVE = YES;
				CLANG_WARN_UNGUARDED_AVAILABILITY = YES_AGGRESSIVE;
				CLANG_WARN_UNREACHABLE_CODE = YES;
				CLANG_WARN__DUPLICATE_METHOD_MATCH = YES;
				COPY_PHASE_STRIP = NO;
				DEBUG_INFORMATION_FORMAT = dwarf;
				ENABLE_STRICT_OBJC_MSGSEND = YES;
				ENABLE_TESTABILITY = YES;
				ENABLE_USER_SCRIPT_SANDBOXING = NO;
				GCC_C_LANGUAGE_STANDARD = gnu17;
				GCC_DYNAMIC_NO_PIC = NO;
				GCC_NO_COMMON_BLOCKS = YES;
				GCC_OPTIMIZATION_LEVEL = 0;
				GCC_PREPROCESSOR_DEFINITIONS = (
					"DEBUG=1",
					"$(inherited)",
				);
				GCC_WARN_64_TO_32_BIT_CONVERSION = YES;
				GCC_WARN_ABOUT_RETURN_TYPE = YES_ERROR;
				GCC_WARN_UNDECLARED_SELECTOR = YES;
				GCC_WARN_UNINITIALIZED_AUTOS = YES_AGGRESSIVE;
				GCC_WARN_UNUSED_FUNCTION = YES;
				GCC_WARN_UNUSED_VARIABLE = YES;
				IPHONEOS_DEPLOYMENT_TARGET = 16.0;
				LOCALIZATION_PREFERS_STRING_CATALOGS = YES;
				MTL_ENABLE_DEBUG_INFO = INCLUDE_SOURCE;
				MTL_FAST_MATH = YES;
				ONLY_ACTIVE_ARCH = YES;
				SDKROOT = iphoneos;
				SWIFT_ACTIVE_COMPILATION_CONDITIONS = "DEBUG $(inherited)";
				SWIFT_OPTIMIZATION_LEVEL = "-Onone";
			};
			name = Debug;
		};
		0502F3522BC67B4500B89FE5 /* Release */ = {
			isa = XCBuildConfiguration;
			buildSettings = {
				ALWAYS_SEARCH_USER_PATHS = NO;
				ASSETCATALOG_COMPILER_GENERATE_SWIFT_ASSET_SYMBOL_EXTENSIONS = YES;
				CLANG_ANALYZER_NONNULL = YES;
				CLANG_ANALYZER_NUMBER_OBJECT_CONVERSION = YES_AGGRESSIVE;
				CLANG_CXX_LANGUAGE_STANDARD = "gnu++20";
				CLANG_ENABLE_MODULES = YES;
				CLANG_ENABLE_OBJC_ARC = YES;
				CLANG_ENABLE_OBJC_WEAK = YES;
				CLANG_WARN_BLOCK_CAPTURE_AUTORELEASING = YES;
				CLANG_WARN_BOOL_CONVERSION = YES;
				CLANG_WARN_COMMA = YES;
				CLANG_WARN_CONSTANT_CONVERSION = YES;
				CLANG_WARN_DEPRECATED_OBJC_IMPLEMENTATIONS = YES;
				CLANG_WARN_DIRECT_OBJC_ISA_USAGE = YES_ERROR;
				CLANG_WARN_DOCUMENTATION_COMMENTS = YES;
				CLANG_WARN_EMPTY_BODY = YES;
				CLANG_WARN_ENUM_CONVERSION = YES;
				CLANG_WARN_INFINITE_RECURSION = YES;
				CLANG_WARN_INT_CONVERSION = YES;
				CLANG_WARN_NON_LITERAL_NULL_CONVERSION = YES;
				CLANG_WARN_OBJC_IMPLICIT_RETAIN_SELF = YES;
				CLANG_WARN_OBJC_LITERAL_CONVERSION = YES;
				CLANG_WARN_OBJC_ROOT_CLASS = YES_ERROR;
				CLANG_WARN_QUOTED_INCLUDE_IN_FRAMEWORK_HEADER = YES;
				CLANG_WARN_RANGE_LOOP_ANALYSIS = YES;
				CLANG_WARN_STRICT_PROTOTYPES = YES;
				CLANG_WARN_SUSPICIOUS_MOVE = YES;
				CLANG_WARN_UNGUARDED_AVAILABILITY = YES_AGGRESSIVE;
				CLANG_WARN_UNREACHABLE_CODE = YES;
				CLANG_WARN__DUPLICATE_METHOD_MATCH = YES;
				COPY_PHASE_STRIP = NO;
				DEBUG_INFORMATION_FORMAT = "dwarf-with-dsym";
				ENABLE_NS_ASSERTIONS = NO;
				ENABLE_STRICT_OBJC_MSGSEND = YES;
				ENABLE_USER_SCRIPT_SANDBOXING = NO;
				GCC_C_LANGUAGE_STANDARD = gnu17;
				GCC_NO_COMMON_BLOCKS = YES;
				GCC_WARN_64_TO_32_BIT_CONVERSION = YES;
				GCC_WARN_ABOUT_RETURN_TYPE = YES_ERROR;
				GCC_WARN_UNDECLARED_SELECTOR = YES;
				GCC_WARN_UNINITIALIZED_AUTOS = YES_AGGRESSIVE;
				GCC_WARN_UNUSED_FUNCTION = YES;
				GCC_WARN_UNUSED_VARIABLE = YES;
				IPHONEOS_DEPLOYMENT_TARGET = 16.0;
				LOCALIZATION_PREFERS_STRING_CATALOGS = YES;
				MTL_ENABLE_DEBUG_INFO = NO;
				MTL_FAST_MATH = YES;
				SDKROOT = iphoneos;
				SWIFT_COMPILATION_MODE = wholemodule;
				VALIDATE_PRODUCT = YES;
			};
			name = Release;
		};
		0502F3542BC67B4500B89FE5 /* Debug */ = {
			isa = XCBuildConfiguration;
			baseConfigurationReference = 1E2DF8D8614B3729AF54058A /* Pods-SentiMate.debug.xcconfig */;
			buildSettings = {
				ASSETCATALOG_COMPILER_APPICON_NAME = AppIcon;
				ASSETCATALOG_COMPILER_GLOBAL_ACCENT_COLOR_NAME = AccentColor;
				CODE_SIGN_STYLE = Automatic;
				CURRENT_PROJECT_VERSION = 1;
				DEVELOPMENT_TEAM = DMLVNU9R64;
				GENERATE_INFOPLIST_FILE = YES;
				INFOPLIST_FILE = SentiMate/Info.plist;
				INFOPLIST_KEY_UIApplicationSupportsIndirectInputEvents = YES;
				INFOPLIST_KEY_UILaunchStoryboardName = LaunchScreen;
				INFOPLIST_KEY_UIMainStoryboardFile = Main;
				INFOPLIST_KEY_UISupportedInterfaceOrientations_iPad = "UIInterfaceOrientationPortrait UIInterfaceOrientationPortraitUpsideDown UIInterfaceOrientationLandscapeLeft UIInterfaceOrientationLandscapeRight";
				INFOPLIST_KEY_UISupportedInterfaceOrientations_iPhone = "UIInterfaceOrientationPortrait UIInterfaceOrientationLandscapeLeft UIInterfaceOrientationLandscapeRight";
				LD_RUNPATH_SEARCH_PATHS = (
					"$(inherited)",
					"@executable_path/Frameworks",
				);
				MARKETING_VERSION = 1.0;
				PRODUCT_BUNDLE_IDENTIFIER = com.yuansyuan.SentiMate;
				PRODUCT_NAME = "$(TARGET_NAME)";
				SWIFT_EMIT_LOC_STRINGS = YES;
				SWIFT_VERSION = 5.0;
				TARGETED_DEVICE_FAMILY = "1,2";
			};
			name = Debug;
		};
		0502F3552BC67B4500B89FE5 /* Release */ = {
			isa = XCBuildConfiguration;
			baseConfigurationReference = EC50F02A987BF42F8DC6D074 /* Pods-SentiMate.release.xcconfig */;
			buildSettings = {
				ASSETCATALOG_COMPILER_APPICON_NAME = AppIcon;
				ASSETCATALOG_COMPILER_GLOBAL_ACCENT_COLOR_NAME = AccentColor;
				CODE_SIGN_STYLE = Automatic;
				CURRENT_PROJECT_VERSION = 1;
				DEVELOPMENT_TEAM = DMLVNU9R64;
				GENERATE_INFOPLIST_FILE = YES;
				INFOPLIST_FILE = SentiMate/Info.plist;
				INFOPLIST_KEY_UIApplicationSupportsIndirectInputEvents = YES;
				INFOPLIST_KEY_UILaunchStoryboardName = LaunchScreen;
				INFOPLIST_KEY_UIMainStoryboardFile = Main;
				INFOPLIST_KEY_UISupportedInterfaceOrientations_iPad = "UIInterfaceOrientationPortrait UIInterfaceOrientationPortraitUpsideDown UIInterfaceOrientationLandscapeLeft UIInterfaceOrientationLandscapeRight";
				INFOPLIST_KEY_UISupportedInterfaceOrientations_iPhone = "UIInterfaceOrientationPortrait UIInterfaceOrientationLandscapeLeft UIInterfaceOrientationLandscapeRight";
				LD_RUNPATH_SEARCH_PATHS = (
					"$(inherited)",
					"@executable_path/Frameworks",
				);
				MARKETING_VERSION = 1.0;
				PRODUCT_BUNDLE_IDENTIFIER = com.yuansyuan.SentiMate;
				PRODUCT_NAME = "$(TARGET_NAME)";
				SWIFT_EMIT_LOC_STRINGS = YES;
				SWIFT_VERSION = 5.0;
				TARGETED_DEVICE_FAMILY = "1,2";
			};
			name = Release;
		};
/* End XCBuildConfiguration section */

/* Begin XCConfigurationList section */
		0502F3372BC67B4200B89FE5 /* Build configuration list for PBXProject "SentiMate" */ = {
			isa = XCConfigurationList;
			buildConfigurations = (
				0502F3512BC67B4500B89FE5 /* Debug */,
				0502F3522BC67B4500B89FE5 /* Release */,
			);
			defaultConfigurationIsVisible = 0;
			defaultConfigurationName = Release;
		};
		0502F3532BC67B4500B89FE5 /* Build configuration list for PBXNativeTarget "SentiMate" */ = {
			isa = XCConfigurationList;
			buildConfigurations = (
				0502F3542BC67B4500B89FE5 /* Debug */,
				0502F3552BC67B4500B89FE5 /* Release */,
			);
			defaultConfigurationIsVisible = 0;
			defaultConfigurationName = Release;
		};
/* End XCConfigurationList section */

/* Begin XCVersionGroup section */
		0502F3482BC67B4200B89FE5 /* SentiMate.xcdatamodeld */ = {
			isa = XCVersionGroup;
			children = (
				0502F3492BC67B4200B89FE5 /* SentiMate.xcdatamodel */,
			);
			currentVersion = 0502F3492BC67B4200B89FE5 /* SentiMate.xcdatamodel */;
			path = SentiMate.xcdatamodeld;
			sourceTree = "<group>";
			versionGroupType = wrapper.xcdatamodel;
		};
/* End XCVersionGroup section */
	};
	rootObject = 0502F3342BC67B4200B89FE5 /* Project object */;
}
