// !$*UTF8*$!
{
	archiveVersion = 1;
	classes = {
	};
	objectVersion = 56;
	objects = {

/* Begin PBXBuildFile section */
		0502F3402BC67B4200B89FE5 /* AppDelegate.swift in Sources */ = {isa = PBXBuildFile; fileRef = 0502F33F2BC67B4200B89FE5 /* AppDelegate.swift */; };
		0502F3422BC67B4200B89FE5 /* SceneDelegate.swift in Sources */ = {isa = PBXBuildFile; fileRef = 0502F3412BC67B4200B89FE5 /* SceneDelegate.swift */; };
		0502F3472BC67B4200B89FE5 /* Main.storyboard in Resources */ = {isa = PBXBuildFile; fileRef = 0502F3452BC67B4200B89FE5 /* Main.storyboard */; };
		0502F34A2BC67B4200B89FE5 /* SentiMate.xcdatamodeld in Sources */ = {isa = PBXBuildFile; fileRef = 0502F3482BC67B4200B89FE5 /* SentiMate.xcdatamodeld */; };
		0502F34C2BC67B4500B89FE5 /* Assets.xcassets in Resources */ = {isa = PBXBuildFile; fileRef = 0502F34B2BC67B4500B89FE5 /* Assets.xcassets */; };
		0502F34F2BC67B4500B89FE5 /* LaunchScreen.storyboard in Resources */ = {isa = PBXBuildFile; fileRef = 0502F34D2BC67B4500B89FE5 /* LaunchScreen.storyboard */; };
		0506D6122BDA0BA90045A8C1 /* AlertView.xib in Resources */ = {isa = PBXBuildFile; fileRef = 0506D6102BDA0BA90045A8C1 /* AlertView.xib */; };
		0506D6162BDA0CF70045A8C1 /* AlertView.swift in Sources */ = {isa = PBXBuildFile; fileRef = 0506D6152BDA0CF70045A8C1 /* AlertView.swift */; };
		0509C1522BCAC731000FB482 /* Music.swift in Sources */ = {isa = PBXBuildFile; fileRef = 0509C1512BCAC731000FB482 /* Music.swift */; };
		0509C1542BCAC91C000FB482 /* MusicManager.swift in Sources */ = {isa = PBXBuildFile; fileRef = 0509C1532BCAC91C000FB482 /* MusicManager.swift */; };
		0509C1582BCACA95000FB482 /* Emotions.swift in Sources */ = {isa = PBXBuildFile; fileRef = 0509C1572BCACA95000FB482 /* Emotions.swift */; };
		0509C15A2BCBB169000FB482 /* MusicCell.swift in Sources */ = {isa = PBXBuildFile; fileRef = 0509C1592BCBB169000FB482 /* MusicCell.swift */; };
		052013032BE3B2D400A2A1F5 /* Emoticon_56.dae in Resources */ = {isa = PBXBuildFile; fileRef = 052013022BE3B2D400A2A1F5 /* Emoticon_56.dae */; };
		052013062BE3B33400A2A1F5 /* T_Diffuse_Emoticon 56.png in Resources */ = {isa = PBXBuildFile; fileRef = 052013052BE3B33400A2A1F5 /* T_Diffuse_Emoticon 56.png */; };
		052013082BE3B35600A2A1F5 /* Emoticon_56.scn in Resources */ = {isa = PBXBuildFile; fileRef = 052013072BE3B35600A2A1F5 /* Emoticon_56.scn */; };
		0520130A2BE3BB6600A2A1F5 /* DraggableFloatingView.swift in Sources */ = {isa = PBXBuildFile; fileRef = 052013092BE3BB6600A2A1F5 /* DraggableFloatingView.swift */; };
		05223DA22BDFABFE0066AD61 /* openAI.json in Resources */ = {isa = PBXBuildFile; fileRef = 05223DA12BDFABFD0066AD61 /* openAI.json */; };
		05223DA82BDFDA820066AD61 /* Keyboard+Extension.swift in Sources */ = {isa = PBXBuildFile; fileRef = 05223DA72BDFDA820066AD61 /* Keyboard+Extension.swift */; };
		05223DAA2BDFDBF20066AD61 /* KeyboardResponder.swift in Sources */ = {isa = PBXBuildFile; fileRef = 05223DA92BDFDBF20066AD61 /* KeyboardResponder.swift */; };
		05223DAC2BDFE3800066AD61 /* UIButton+Extension.swift in Sources */ = {isa = PBXBuildFile; fileRef = 05223DAB2BDFE3800066AD61 /* UIButton+Extension.swift */; };
		0538A1762BDE455100796496 /* OnboardingView.swift in Sources */ = {isa = PBXBuildFile; fileRef = 0538A1752BDE455100796496 /* OnboardingView.swift */; };
		0538A1782BDE456600796496 /* PageView.swift in Sources */ = {isa = PBXBuildFile; fileRef = 0538A1772BDE456600796496 /* PageView.swift */; };
		0538A17A2BDE457D00796496 /* PageModel.swift in Sources */ = {isa = PBXBuildFile; fileRef = 0538A1792BDE457D00796496 /* PageModel.swift */; };
		0538A17D2BDE4D6200796496 /* AppManager.swift in Sources */ = {isa = PBXBuildFile; fileRef = 0538A17C2BDE4D6200796496 /* AppManager.swift */; };
		0538A17F2BDE4E1000796496 /* ContentView.swift in Sources */ = {isa = PBXBuildFile; fileRef = 0538A17E2BDE4E1000796496 /* ContentView.swift */; };
		0538A1812BDE4E9000796496 /* MainAppViewControllerRepresentable.swift in Sources */ = {isa = PBXBuildFile; fileRef = 0538A1802BDE4E9000796496 /* MainAppViewControllerRepresentable.swift */; };
		053A5EB12BCCFB7A00EAC1F2 /* AnalyticsView.swift in Sources */ = {isa = PBXBuildFile; fileRef = 053A5EB02BCCFB7A00EAC1F2 /* AnalyticsView.swift */; };
		053A5EB32BCD224E00EAC1F2 /* DiaryManager.swift in Sources */ = {isa = PBXBuildFile; fileRef = 053A5EB22BCD224E00EAC1F2 /* DiaryManager.swift */; };
		053A5EB52BCD51C700EAC1F2 /* DiaryVC.swift in Sources */ = {isa = PBXBuildFile; fileRef = 053A5EB42BCD51C700EAC1F2 /* DiaryVC.swift */; };
		054D94672BE4D9A300E4F415 /* Emoticon_27.mtl in Resources */ = {isa = PBXBuildFile; fileRef = 054D94612BE4D99F00E4F415 /* Emoticon_27.mtl */; };
		054D94682BE4D9A300E4F415 /* Emoticon_40.obj in Resources */ = {isa = PBXBuildFile; fileRef = 054D94622BE4D9A000E4F415 /* Emoticon_40.obj */; };
		054D94692BE4D9A300E4F415 /* Emoticon_40.dae in Resources */ = {isa = PBXBuildFile; fileRef = 054D94632BE4D9A100E4F415 /* Emoticon_40.dae */; };
		054D946A2BE4D9A300E4F415 /* Emoticon_27.obj in Resources */ = {isa = PBXBuildFile; fileRef = 054D94642BE4D9A100E4F415 /* Emoticon_27.obj */; };
		054D946B2BE4D9A300E4F415 /* Emoticon_27.dae in Resources */ = {isa = PBXBuildFile; fileRef = 054D94652BE4D9A200E4F415 /* Emoticon_27.dae */; };
		054D946C2BE4D9A300E4F415 /* Emoticon_40.mtl in Resources */ = {isa = PBXBuildFile; fileRef = 054D94662BE4D9A300E4F415 /* Emoticon_40.mtl */; };
		054D94712BE4D9F400E4F415 /* T_Diffuse_Emoticon 27.png in Resources */ = {isa = PBXBuildFile; fileRef = 054D946D2BE4D9F200E4F415 /* T_Diffuse_Emoticon 27.png */; };
		054D94722BE4D9F400E4F415 /* T_Roughness_Emoticon 40.png in Resources */ = {isa = PBXBuildFile; fileRef = 054D946E2BE4D9F300E4F415 /* T_Roughness_Emoticon 40.png */; };
		054D94732BE4D9F400E4F415 /* T_Roughness_Emoticon 27.png in Resources */ = {isa = PBXBuildFile; fileRef = 054D946F2BE4D9F300E4F415 /* T_Roughness_Emoticon 27.png */; };
		054D94742BE4D9F400E4F415 /* T_Diffuse_Emoticon 40.png in Resources */ = {isa = PBXBuildFile; fileRef = 054D94702BE4D9F400E4F415 /* T_Diffuse_Emoticon 40.png */; };
		054D94762BE4DA3400E4F415 /* Emoticon_27.scn in Resources */ = {isa = PBXBuildFile; fileRef = 054D94752BE4DA3400E4F415 /* Emoticon_27.scn */; };
		054D94782BE4DA4400E4F415 /* Emoticon_40.scn in Resources */ = {isa = PBXBuildFile; fileRef = 054D94772BE4DA4400E4F415 /* Emoticon_40.scn */; };
		054D94822BE753EB00E4F415 /* LoginView.swift in Sources */ = {isa = PBXBuildFile; fileRef = 054D947C2BE753EB00E4F415 /* LoginView.swift */; };
		054D94832BE753EB00E4F415 /* UserProfileView.swift in Sources */ = {isa = PBXBuildFile; fileRef = 054D947D2BE753EB00E4F415 /* UserProfileView.swift */; };
		054D94842BE753EB00E4F415 /* AuthenticatedView.swift in Sources */ = {isa = PBXBuildFile; fileRef = 054D947E2BE753EB00E4F415 /* AuthenticatedView.swift */; };
		054D94852BE753EB00E4F415 /* AuthenticationView.swift in Sources */ = {isa = PBXBuildFile; fileRef = 054D947F2BE753EB00E4F415 /* AuthenticationView.swift */; };
		054D94862BE753EB00E4F415 /* SignupView.swift in Sources */ = {isa = PBXBuildFile; fileRef = 054D94802BE753EB00E4F415 /* SignupView.swift */; };
		054D94872BE753EB00E4F415 /* AuthenticationViewModel.swift in Sources */ = {isa = PBXBuildFile; fileRef = 054D94812BE753EB00E4F415 /* AuthenticationViewModel.swift */; };
		054D94892BE7736400E4F415 /* TestDeleteVC.swift in Sources */ = {isa = PBXBuildFile; fileRef = 054D94882BE7736400E4F415 /* TestDeleteVC.swift */; };
		0568444A2BC81557004604E6 /* FirebaseAnalytics in Frameworks */ = {isa = PBXBuildFile; productRef = 056844492BC81557004604E6 /* FirebaseAnalytics */; };
		0568444C2BC81557004604E6 /* FirebaseAnalyticsOnDeviceConversion in Frameworks */ = {isa = PBXBuildFile; productRef = 0568444B2BC81557004604E6 /* FirebaseAnalyticsOnDeviceConversion */; };
		0568444E2BC81557004604E6 /* FirebaseAnalyticsSwift in Frameworks */ = {isa = PBXBuildFile; productRef = 0568444D2BC81557004604E6 /* FirebaseAnalyticsSwift */; };
		056844502BC81557004604E6 /* FirebaseAnalyticsWithoutAdIdSupport in Frameworks */ = {isa = PBXBuildFile; productRef = 0568444F2BC81557004604E6 /* FirebaseAnalyticsWithoutAdIdSupport */; };
		056844522BC81557004604E6 /* FirebaseAppCheck in Frameworks */ = {isa = PBXBuildFile; productRef = 056844512BC81557004604E6 /* FirebaseAppCheck */; };
		056844542BC81557004604E6 /* FirebaseAppDistribution-Beta in Frameworks */ = {isa = PBXBuildFile; productRef = 056844532BC81557004604E6 /* FirebaseAppDistribution-Beta */; };
		056844562BC81557004604E6 /* FirebaseAuth in Frameworks */ = {isa = PBXBuildFile; productRef = 056844552BC81557004604E6 /* FirebaseAuth */; };
		056844582BC81557004604E6 /* FirebaseAuthCombine-Community in Frameworks */ = {isa = PBXBuildFile; productRef = 056844572BC81557004604E6 /* FirebaseAuthCombine-Community */; };
		0568445A2BC81557004604E6 /* FirebaseCrashlytics in Frameworks */ = {isa = PBXBuildFile; productRef = 056844592BC81557004604E6 /* FirebaseCrashlytics */; };
		0568445C2BC81557004604E6 /* FirebaseDatabase in Frameworks */ = {isa = PBXBuildFile; productRef = 0568445B2BC81557004604E6 /* FirebaseDatabase */; };
		0568445E2BC81557004604E6 /* FirebaseDatabaseSwift in Frameworks */ = {isa = PBXBuildFile; productRef = 0568445D2BC81557004604E6 /* FirebaseDatabaseSwift */; };
		056844602BC81557004604E6 /* FirebaseDynamicLinks in Frameworks */ = {isa = PBXBuildFile; productRef = 0568445F2BC81557004604E6 /* FirebaseDynamicLinks */; };
		056844622BC81557004604E6 /* FirebaseFirestore in Frameworks */ = {isa = PBXBuildFile; productRef = 056844612BC81557004604E6 /* FirebaseFirestore */; };
		056844642BC81557004604E6 /* FirebaseFirestoreCombine-Community in Frameworks */ = {isa = PBXBuildFile; productRef = 056844632BC81557004604E6 /* FirebaseFirestoreCombine-Community */; };
		056844662BC81557004604E6 /* FirebaseFirestoreSwift in Frameworks */ = {isa = PBXBuildFile; productRef = 056844652BC81557004604E6 /* FirebaseFirestoreSwift */; };
		056844682BC81557004604E6 /* FirebaseFunctions in Frameworks */ = {isa = PBXBuildFile; productRef = 056844672BC81557004604E6 /* FirebaseFunctions */; };
		0568446A2BC81557004604E6 /* FirebaseFunctionsCombine-Community in Frameworks */ = {isa = PBXBuildFile; productRef = 056844692BC81557004604E6 /* FirebaseFunctionsCombine-Community */; };
		0568446C2BC81557004604E6 /* FirebaseInAppMessaging-Beta in Frameworks */ = {isa = PBXBuildFile; productRef = 0568446B2BC81557004604E6 /* FirebaseInAppMessaging-Beta */; };
		0568446E2BC81557004604E6 /* FirebaseInAppMessagingSwift-Beta in Frameworks */ = {isa = PBXBuildFile; productRef = 0568446D2BC81557004604E6 /* FirebaseInAppMessagingSwift-Beta */; };
		056844702BC81557004604E6 /* FirebaseInstallations in Frameworks */ = {isa = PBXBuildFile; productRef = 0568446F2BC81557004604E6 /* FirebaseInstallations */; };
		056844722BC81557004604E6 /* FirebaseMLModelDownloader in Frameworks */ = {isa = PBXBuildFile; productRef = 056844712BC81557004604E6 /* FirebaseMLModelDownloader */; };
		056844742BC81557004604E6 /* FirebaseMessaging in Frameworks */ = {isa = PBXBuildFile; productRef = 056844732BC81557004604E6 /* FirebaseMessaging */; };
		056844762BC81557004604E6 /* FirebasePerformance in Frameworks */ = {isa = PBXBuildFile; productRef = 056844752BC81557004604E6 /* FirebasePerformance */; };
		056844782BC81557004604E6 /* FirebaseRemoteConfig in Frameworks */ = {isa = PBXBuildFile; productRef = 056844772BC81557004604E6 /* FirebaseRemoteConfig */; };
		0568447A2BC81557004604E6 /* FirebaseRemoteConfigSwift in Frameworks */ = {isa = PBXBuildFile; productRef = 056844792BC81557004604E6 /* FirebaseRemoteConfigSwift */; };
		0568447C2BC81557004604E6 /* FirebaseStorage in Frameworks */ = {isa = PBXBuildFile; productRef = 0568447B2BC81557004604E6 /* FirebaseStorage */; };
		0568447E2BC81557004604E6 /* FirebaseStorageCombine-Community in Frameworks */ = {isa = PBXBuildFile; productRef = 0568447D2BC81557004604E6 /* FirebaseStorageCombine-Community */; };
		056844802BC81765004604E6 /* FirebaseManager.swift in Sources */ = {isa = PBXBuildFile; fileRef = 0568447F2BC81765004604E6 /* FirebaseManager.swift */; };
		0571E2EA2BC790340049B73E /* CNNEmotions.mlmodel in Sources */ = {isa = PBXBuildFile; fileRef = 0571E2E92BC790340049B73E /* CNNEmotions.mlmodel */; };
		0571E2F32BC7BD1A0049B73E /* PostDetailVC.swift in Sources */ = {isa = PBXBuildFile; fileRef = 0571E2F22BC7BD1A0049B73E /* PostDetailVC.swift */; };
		0574CA132BC7D54A0075A296 /* DateCell.swift in Sources */ = {isa = PBXBuildFile; fileRef = 0574CA122BC7D54A0075A296 /* DateCell.swift */; };
		0574CA162BC7D5BD0075A296 /* EmotionCell.swift in Sources */ = {isa = PBXBuildFile; fileRef = 0574CA152BC7D5BD0075A296 /* EmotionCell.swift */; };
		0574CA182BC7D5D80075A296 /* CategoryCell.swift in Sources */ = {isa = PBXBuildFile; fileRef = 0574CA172BC7D5D80075A296 /* CategoryCell.swift */; };
		0574CA1A2BC7DB360075A296 /* TextFieldCell.swift in Sources */ = {isa = PBXBuildFile; fileRef = 0574CA192BC7DB360075A296 /* TextFieldCell.swift */; };
		0581436A2BC9291400C6D111 /* HomeVC.swift in Sources */ = {isa = PBXBuildFile; fileRef = 058143692BC9291400C6D111 /* HomeVC.swift */; };
		0584A64C2BEE2093000C0B5C /* UsernameEditView.swift in Sources */ = {isa = PBXBuildFile; fileRef = 0584A64B2BEE2093000C0B5C /* UsernameEditView.swift */; };
		059C5AB32BD559E7004E5331 /* UIColor+Hex.swift in Sources */ = {isa = PBXBuildFile; fileRef = 059C5AB22BD559E7004E5331 /* UIColor+Hex.swift */; };
		059E446A2BC6A5DF00184989 /* AnalyticsVC.swift in Sources */ = {isa = PBXBuildFile; fileRef = 059E44692BC6A5DF00184989 /* AnalyticsVC.swift */; };
		059E446C2BC6A7A900184989 /* PostVC.swift in Sources */ = {isa = PBXBuildFile; fileRef = 059E446B2BC6A7A900184989 /* PostVC.swift */; };
		059E446E2BC6A7FE00184989 /* MusicVC.swift in Sources */ = {isa = PBXBuildFile; fileRef = 059E446D2BC6A7FE00184989 /* MusicVC.swift */; };
		05A481272BD0F4330073F305 /* AICell.swift in Sources */ = {isa = PBXBuildFile; fileRef = 05A481262BD0F4330073F305 /* AICell.swift */; };
		05A481292BD0F43F0073F305 /* ChartCell.swift in Sources */ = {isa = PBXBuildFile; fileRef = 05A481282BD0F43F0073F305 /* ChartCell.swift */; };
		05A4812B2BD119660073F305 /* AIResponse.swift in Sources */ = {isa = PBXBuildFile; fileRef = 05A4812A2BD119660073F305 /* AIResponse.swift */; };
		05A4812D2BD119C40073F305 /* OpenAIManager.swift in Sources */ = {isa = PBXBuildFile; fileRef = 05A4812C2BD119C40073F305 /* OpenAIManager.swift */; };
		05B2507F2BD636EF0073D4AD /* UIView+Shadow.swift in Sources */ = {isa = PBXBuildFile; fileRef = 05B2507E2BD636EF0073D4AD /* UIView+Shadow.swift */; };
		05B250812BD69BE50073D4AD /* ModelManager.swift in Sources */ = {isa = PBXBuildFile; fileRef = 05B250802BD69BE40073D4AD /* ModelManager.swift */; };
		05B44C182BD2467100798934 /* APIKey.plist in Resources */ = {isa = PBXBuildFile; fileRef = 05B44C172BD2467100798934 /* APIKey.plist */; };
		05B44C1A2BD2632000798934 /* MusicEntryVC.swift in Sources */ = {isa = PBXBuildFile; fileRef = 05B44C192BD2632000798934 /* MusicEntryVC.swift */; };
		05B44C1E2BD263C900798934 /* CalmMusicEntryCell.swift in Sources */ = {isa = PBXBuildFile; fileRef = 05B44C1D2BD263C900798934 /* CalmMusicEntryCell.swift */; };
		05BC62D92BE27D1E0003E263 /* jf-openhuninn-2.0.ttf in Resources */ = {isa = PBXBuildFile; fileRef = 05BC62D82BE27D1E0003E263 /* jf-openhuninn-2.0.ttf */; };
		05BC62DB2BE27D5B0003E263 /* FontManager.swift in Sources */ = {isa = PBXBuildFile; fileRef = 05BC62DA2BE27D5B0003E263 /* FontManager.swift */; };
		05CC58772BC9321B003070EC /* HomeDiaryCell.swift in Sources */ = {isa = PBXBuildFile; fileRef = 05CC58762BC9321B003070EC /* HomeDiaryCell.swift */; };
		05CC58792BC93C3F003070EC /* Diary.swift in Sources */ = {isa = PBXBuildFile; fileRef = 05CC58782BC93C3F003070EC /* Diary.swift */; };
		05CD0F7D2BD3B1C400242DA8 /* PostEntryVC.swift in Sources */ = {isa = PBXBuildFile; fileRef = 05CD0F7C2BD3B1C400242DA8 /* PostEntryVC.swift */; };
		05D366BD2BE093AC004227A3 /* GoogleService-Info.plist in Resources */ = {isa = PBXBuildFile; fileRef = 05D366BC2BE093AB004227A3 /* GoogleService-Info.plist */; };
		05D366C02BE09F4A004227A3 /* SettingVC.swift in Sources */ = {isa = PBXBuildFile; fileRef = 05D366BF2BE09F4A004227A3 /* SettingVC.swift */; };
		05D366C22BE0A09A004227A3 /* AlertClass.swift in Sources */ = {isa = PBXBuildFile; fileRef = 05D366C12BE0A09A004227A3 /* AlertClass.swift */; };
		05D8A4BB2BDB572400061340 /* ChenYuluoyan-Thin.ttf in Resources */ = {isa = PBXBuildFile; fileRef = 05D8A4BA2BDB572400061340 /* ChenYuluoyan-Thin.ttf */; };
		61A796334CB49D8E7BD734FA /* Pods_SentiMate.framework in Frameworks */ = {isa = PBXBuildFile; fileRef = 52DC112692918C5E2064F9FD /* Pods_SentiMate.framework */; };
/* End PBXBuildFile section */

/* Begin PBXFileReference section */
		0502F33C2BC67B4200B89FE5 /* SentiMate.app */ = {isa = PBXFileReference; explicitFileType = wrapper.application; includeInIndex = 0; path = SentiMate.app; sourceTree = BUILT_PRODUCTS_DIR; };
		0502F33F2BC67B4200B89FE5 /* AppDelegate.swift */ = {isa = PBXFileReference; lastKnownFileType = sourcecode.swift; path = AppDelegate.swift; sourceTree = "<group>"; };
		0502F3412BC67B4200B89FE5 /* SceneDelegate.swift */ = {isa = PBXFileReference; lastKnownFileType = sourcecode.swift; path = SceneDelegate.swift; sourceTree = "<group>"; };
		0502F3462BC67B4200B89FE5 /* Base */ = {isa = PBXFileReference; lastKnownFileType = file.storyboard; name = Base; path = Base.lproj/Main.storyboard; sourceTree = "<group>"; };
		0502F3492BC67B4200B89FE5 /* SentiMate.xcdatamodel */ = {isa = PBXFileReference; lastKnownFileType = wrapper.xcdatamodel; path = SentiMate.xcdatamodel; sourceTree = "<group>"; };
		0502F34B2BC67B4500B89FE5 /* Assets.xcassets */ = {isa = PBXFileReference; lastKnownFileType = folder.assetcatalog; path = Assets.xcassets; sourceTree = "<group>"; };
		0502F34E2BC67B4500B89FE5 /* Base */ = {isa = PBXFileReference; lastKnownFileType = file.storyboard; name = Base; path = Base.lproj/LaunchScreen.storyboard; sourceTree = "<group>"; };
		0502F3502BC67B4500B89FE5 /* Info.plist */ = {isa = PBXFileReference; lastKnownFileType = text.plist.xml; path = Info.plist; sourceTree = "<group>"; };
		0506D6102BDA0BA90045A8C1 /* AlertView.xib */ = {isa = PBXFileReference; fileEncoding = 4; lastKnownFileType = file.xib; path = AlertView.xib; sourceTree = "<group>"; };
		0506D6152BDA0CF70045A8C1 /* AlertView.swift */ = {isa = PBXFileReference; fileEncoding = 4; lastKnownFileType = sourcecode.swift; path = AlertView.swift; sourceTree = "<group>"; };
		0509C1512BCAC731000FB482 /* Music.swift */ = {isa = PBXFileReference; lastKnownFileType = sourcecode.swift; path = Music.swift; sourceTree = "<group>"; };
		0509C1532BCAC91C000FB482 /* MusicManager.swift */ = {isa = PBXFileReference; lastKnownFileType = sourcecode.swift; path = MusicManager.swift; sourceTree = "<group>"; };
		0509C1572BCACA95000FB482 /* Emotions.swift */ = {isa = PBXFileReference; lastKnownFileType = sourcecode.swift; path = Emotions.swift; sourceTree = "<group>"; };
		0509C1592BCBB169000FB482 /* MusicCell.swift */ = {isa = PBXFileReference; lastKnownFileType = sourcecode.swift; path = MusicCell.swift; sourceTree = "<group>"; };
		052013022BE3B2D400A2A1F5 /* Emoticon_56.dae */ = {isa = PBXFileReference; lastKnownFileType = text.xml.dae; path = Emoticon_56.dae; sourceTree = "<group>"; };
		052013052BE3B33400A2A1F5 /* T_Diffuse_Emoticon 56.png */ = {isa = PBXFileReference; lastKnownFileType = image.png; path = "T_Diffuse_Emoticon 56.png"; sourceTree = "<group>"; };
		052013072BE3B35600A2A1F5 /* Emoticon_56.scn */ = {isa = PBXFileReference; lastKnownFileType = file.bplist; path = Emoticon_56.scn; sourceTree = "<group>"; };
		052013092BE3BB6600A2A1F5 /* DraggableFloatingView.swift */ = {isa = PBXFileReference; lastKnownFileType = sourcecode.swift; path = DraggableFloatingView.swift; sourceTree = "<group>"; };
		05223DA12BDFABFD0066AD61 /* openAI.json */ = {isa = PBXFileReference; fileEncoding = 4; lastKnownFileType = text.json; path = openAI.json; sourceTree = "<group>"; };
		05223DA72BDFDA820066AD61 /* Keyboard+Extension.swift */ = {isa = PBXFileReference; lastKnownFileType = sourcecode.swift; path = "Keyboard+Extension.swift"; sourceTree = "<group>"; };
		05223DA92BDFDBF20066AD61 /* KeyboardResponder.swift */ = {isa = PBXFileReference; lastKnownFileType = sourcecode.swift; path = KeyboardResponder.swift; sourceTree = "<group>"; };
		05223DAB2BDFE3800066AD61 /* UIButton+Extension.swift */ = {isa = PBXFileReference; lastKnownFileType = sourcecode.swift; path = "UIButton+Extension.swift"; sourceTree = "<group>"; };
		0538A1752BDE455100796496 /* OnboardingView.swift */ = {isa = PBXFileReference; lastKnownFileType = sourcecode.swift; path = OnboardingView.swift; sourceTree = "<group>"; };
		0538A1772BDE456600796496 /* PageView.swift */ = {isa = PBXFileReference; lastKnownFileType = sourcecode.swift; path = PageView.swift; sourceTree = "<group>"; };
		0538A1792BDE457D00796496 /* PageModel.swift */ = {isa = PBXFileReference; lastKnownFileType = sourcecode.swift; path = PageModel.swift; sourceTree = "<group>"; };
		0538A17C2BDE4D6200796496 /* AppManager.swift */ = {isa = PBXFileReference; lastKnownFileType = sourcecode.swift; path = AppManager.swift; sourceTree = "<group>"; };
		0538A17E2BDE4E1000796496 /* ContentView.swift */ = {isa = PBXFileReference; lastKnownFileType = sourcecode.swift; path = ContentView.swift; sourceTree = "<group>"; };
		0538A1802BDE4E9000796496 /* MainAppViewControllerRepresentable.swift */ = {isa = PBXFileReference; lastKnownFileType = sourcecode.swift; path = MainAppViewControllerRepresentable.swift; sourceTree = "<group>"; };
		053A5EB02BCCFB7A00EAC1F2 /* AnalyticsView.swift */ = {isa = PBXFileReference; lastKnownFileType = sourcecode.swift; path = AnalyticsView.swift; sourceTree = "<group>"; };
		053A5EB22BCD224E00EAC1F2 /* DiaryManager.swift */ = {isa = PBXFileReference; lastKnownFileType = sourcecode.swift; path = DiaryManager.swift; sourceTree = "<group>"; };
		053A5EB42BCD51C700EAC1F2 /* DiaryVC.swift */ = {isa = PBXFileReference; lastKnownFileType = sourcecode.swift; path = DiaryVC.swift; sourceTree = "<group>"; };
		054D94612BE4D99F00E4F415 /* Emoticon_27.mtl */ = {isa = PBXFileReference; lastKnownFileType = text; path = Emoticon_27.mtl; sourceTree = "<group>"; };
		054D94622BE4D9A000E4F415 /* Emoticon_40.obj */ = {isa = PBXFileReference; lastKnownFileType = text; path = Emoticon_40.obj; sourceTree = "<group>"; };
		054D94632BE4D9A100E4F415 /* Emoticon_40.dae */ = {isa = PBXFileReference; lastKnownFileType = text.xml.dae; path = Emoticon_40.dae; sourceTree = "<group>"; };
		054D94642BE4D9A100E4F415 /* Emoticon_27.obj */ = {isa = PBXFileReference; lastKnownFileType = text; path = Emoticon_27.obj; sourceTree = "<group>"; };
		054D94652BE4D9A200E4F415 /* Emoticon_27.dae */ = {isa = PBXFileReference; lastKnownFileType = text.xml.dae; path = Emoticon_27.dae; sourceTree = "<group>"; };
		054D94662BE4D9A300E4F415 /* Emoticon_40.mtl */ = {isa = PBXFileReference; lastKnownFileType = text; path = Emoticon_40.mtl; sourceTree = "<group>"; };
		054D946D2BE4D9F200E4F415 /* T_Diffuse_Emoticon 27.png */ = {isa = PBXFileReference; lastKnownFileType = image.png; path = "T_Diffuse_Emoticon 27.png"; sourceTree = "<group>"; };
		054D946E2BE4D9F300E4F415 /* T_Roughness_Emoticon 40.png */ = {isa = PBXFileReference; lastKnownFileType = image.png; path = "T_Roughness_Emoticon 40.png"; sourceTree = "<group>"; };
		054D946F2BE4D9F300E4F415 /* T_Roughness_Emoticon 27.png */ = {isa = PBXFileReference; lastKnownFileType = image.png; path = "T_Roughness_Emoticon 27.png"; sourceTree = "<group>"; };
		054D94702BE4D9F400E4F415 /* T_Diffuse_Emoticon 40.png */ = {isa = PBXFileReference; lastKnownFileType = image.png; path = "T_Diffuse_Emoticon 40.png"; sourceTree = "<group>"; };
		054D94752BE4DA3400E4F415 /* Emoticon_27.scn */ = {isa = PBXFileReference; lastKnownFileType = file.bplist; path = Emoticon_27.scn; sourceTree = "<group>"; };
		054D94772BE4DA4400E4F415 /* Emoticon_40.scn */ = {isa = PBXFileReference; lastKnownFileType = file.bplist; path = Emoticon_40.scn; sourceTree = "<group>"; };
		054D947C2BE753EB00E4F415 /* LoginView.swift */ = {isa = PBXFileReference; fileEncoding = 4; lastKnownFileType = sourcecode.swift; path = LoginView.swift; sourceTree = "<group>"; };
		054D947D2BE753EB00E4F415 /* UserProfileView.swift */ = {isa = PBXFileReference; fileEncoding = 4; lastKnownFileType = sourcecode.swift; path = UserProfileView.swift; sourceTree = "<group>"; };
		054D947E2BE753EB00E4F415 /* AuthenticatedView.swift */ = {isa = PBXFileReference; fileEncoding = 4; lastKnownFileType = sourcecode.swift; path = AuthenticatedView.swift; sourceTree = "<group>"; };
		054D947F2BE753EB00E4F415 /* AuthenticationView.swift */ = {isa = PBXFileReference; fileEncoding = 4; lastKnownFileType = sourcecode.swift; path = AuthenticationView.swift; sourceTree = "<group>"; };
		054D94802BE753EB00E4F415 /* SignupView.swift */ = {isa = PBXFileReference; fileEncoding = 4; lastKnownFileType = sourcecode.swift; path = SignupView.swift; sourceTree = "<group>"; };
		054D94812BE753EB00E4F415 /* AuthenticationViewModel.swift */ = {isa = PBXFileReference; fileEncoding = 4; lastKnownFileType = sourcecode.swift; path = AuthenticationViewModel.swift; sourceTree = "<group>"; };
		054D94882BE7736400E4F415 /* TestDeleteVC.swift */ = {isa = PBXFileReference; lastKnownFileType = sourcecode.swift; path = TestDeleteVC.swift; sourceTree = "<group>"; };
		0568447F2BC81765004604E6 /* FirebaseManager.swift */ = {isa = PBXFileReference; lastKnownFileType = sourcecode.swift; path = FirebaseManager.swift; sourceTree = "<group>"; };
		0571E2E92BC790340049B73E /* CNNEmotions.mlmodel */ = {isa = PBXFileReference; lastKnownFileType = file.mlmodel; path = CNNEmotions.mlmodel; sourceTree = "<group>"; };
		0571E2F22BC7BD1A0049B73E /* PostDetailVC.swift */ = {isa = PBXFileReference; lastKnownFileType = sourcecode.swift; path = PostDetailVC.swift; sourceTree = "<group>"; };
		0574CA122BC7D54A0075A296 /* DateCell.swift */ = {isa = PBXFileReference; lastKnownFileType = sourcecode.swift; name = DateCell.swift; path = SentiMate/Controllers/PostDetailCell/DateCell.swift; sourceTree = SOURCE_ROOT; };
		0574CA152BC7D5BD0075A296 /* EmotionCell.swift */ = {isa = PBXFileReference; lastKnownFileType = sourcecode.swift; path = EmotionCell.swift; sourceTree = "<group>"; };
		0574CA172BC7D5D80075A296 /* CategoryCell.swift */ = {isa = PBXFileReference; lastKnownFileType = sourcecode.swift; path = CategoryCell.swift; sourceTree = "<group>"; };
		0574CA192BC7DB360075A296 /* TextFieldCell.swift */ = {isa = PBXFileReference; lastKnownFileType = sourcecode.swift; path = TextFieldCell.swift; sourceTree = "<group>"; };
		058143692BC9291400C6D111 /* HomeVC.swift */ = {isa = PBXFileReference; lastKnownFileType = sourcecode.swift; path = HomeVC.swift; sourceTree = "<group>"; };
		0584A64B2BEE2093000C0B5C /* UsernameEditView.swift */ = {isa = PBXFileReference; lastKnownFileType = sourcecode.swift; path = UsernameEditView.swift; sourceTree = "<group>"; };
		059C5AB22BD559E7004E5331 /* UIColor+Hex.swift */ = {isa = PBXFileReference; lastKnownFileType = sourcecode.swift; path = "UIColor+Hex.swift"; sourceTree = "<group>"; };
		059E44692BC6A5DF00184989 /* AnalyticsVC.swift */ = {isa = PBXFileReference; lastKnownFileType = sourcecode.swift; path = AnalyticsVC.swift; sourceTree = "<group>"; };
		059E446B2BC6A7A900184989 /* PostVC.swift */ = {isa = PBXFileReference; lastKnownFileType = sourcecode.swift; path = PostVC.swift; sourceTree = "<group>"; };
		059E446D2BC6A7FE00184989 /* MusicVC.swift */ = {isa = PBXFileReference; lastKnownFileType = sourcecode.swift; path = MusicVC.swift; sourceTree = "<group>"; };
		05A481262BD0F4330073F305 /* AICell.swift */ = {isa = PBXFileReference; lastKnownFileType = sourcecode.swift; path = AICell.swift; sourceTree = "<group>"; };
		05A481282BD0F43F0073F305 /* ChartCell.swift */ = {isa = PBXFileReference; lastKnownFileType = sourcecode.swift; path = ChartCell.swift; sourceTree = "<group>"; };
		05A4812A2BD119660073F305 /* AIResponse.swift */ = {isa = PBXFileReference; lastKnownFileType = sourcecode.swift; path = AIResponse.swift; sourceTree = "<group>"; };
		05A4812C2BD119C40073F305 /* OpenAIManager.swift */ = {isa = PBXFileReference; lastKnownFileType = sourcecode.swift; path = OpenAIManager.swift; sourceTree = "<group>"; };
		05B2507E2BD636EF0073D4AD /* UIView+Shadow.swift */ = {isa = PBXFileReference; lastKnownFileType = sourcecode.swift; path = "UIView+Shadow.swift"; sourceTree = "<group>"; };
		05B250802BD69BE40073D4AD /* ModelManager.swift */ = {isa = PBXFileReference; lastKnownFileType = sourcecode.swift; path = ModelManager.swift; sourceTree = "<group>"; };
		05B44C172BD2467100798934 /* APIKey.plist */ = {isa = PBXFileReference; lastKnownFileType = text.plist.xml; path = APIKey.plist; sourceTree = "<group>"; };
		05B44C192BD2632000798934 /* MusicEntryVC.swift */ = {isa = PBXFileReference; lastKnownFileType = sourcecode.swift; name = MusicEntryVC.swift; path = SentiMate/MusicEntryVC.swift; sourceTree = SOURCE_ROOT; };
		05B44C1D2BD263C900798934 /* CalmMusicEntryCell.swift */ = {isa = PBXFileReference; lastKnownFileType = sourcecode.swift; path = CalmMusicEntryCell.swift; sourceTree = "<group>"; };
		05BC62D82BE27D1E0003E263 /* jf-openhuninn-2.0.ttf */ = {isa = PBXFileReference; lastKnownFileType = file; path = "jf-openhuninn-2.0.ttf"; sourceTree = "<group>"; };
		05BC62DA2BE27D5B0003E263 /* FontManager.swift */ = {isa = PBXFileReference; lastKnownFileType = sourcecode.swift; path = FontManager.swift; sourceTree = "<group>"; };
		05CC58762BC9321B003070EC /* HomeDiaryCell.swift */ = {isa = PBXFileReference; lastKnownFileType = sourcecode.swift; path = HomeDiaryCell.swift; sourceTree = "<group>"; };
		05CC58782BC93C3F003070EC /* Diary.swift */ = {isa = PBXFileReference; lastKnownFileType = sourcecode.swift; path = Diary.swift; sourceTree = "<group>"; };
		05CD0F7C2BD3B1C400242DA8 /* PostEntryVC.swift */ = {isa = PBXFileReference; lastKnownFileType = sourcecode.swift; path = PostEntryVC.swift; sourceTree = "<group>"; };
		05D366BC2BE093AB004227A3 /* GoogleService-Info.plist */ = {isa = PBXFileReference; fileEncoding = 4; lastKnownFileType = text.plist.xml; path = "GoogleService-Info.plist"; sourceTree = "<group>"; };
		05D366BE2BE09BB9004227A3 /* SentiMate.entitlements */ = {isa = PBXFileReference; lastKnownFileType = text.plist.entitlements; path = SentiMate.entitlements; sourceTree = "<group>"; };
		05D366BF2BE09F4A004227A3 /* SettingVC.swift */ = {isa = PBXFileReference; lastKnownFileType = sourcecode.swift; name = SettingVC.swift; path = SentiMate/SettingVC.swift; sourceTree = SOURCE_ROOT; };
		05D366C12BE0A09A004227A3 /* AlertClass.swift */ = {isa = PBXFileReference; lastKnownFileType = sourcecode.swift; path = AlertClass.swift; sourceTree = "<group>"; };
		05D8A4BA2BDB572400061340 /* ChenYuluoyan-Thin.ttf */ = {isa = PBXFileReference; lastKnownFileType = file; path = "ChenYuluoyan-Thin.ttf"; sourceTree = "<group>"; };
		1E2DF8D8614B3729AF54058A /* Pods-SentiMate.debug.xcconfig */ = {isa = PBXFileReference; includeInIndex = 1; lastKnownFileType = text.xcconfig; name = "Pods-SentiMate.debug.xcconfig"; path = "Target Support Files/Pods-SentiMate/Pods-SentiMate.debug.xcconfig"; sourceTree = "<group>"; };
		52DC112692918C5E2064F9FD /* Pods_SentiMate.framework */ = {isa = PBXFileReference; explicitFileType = wrapper.framework; includeInIndex = 0; path = Pods_SentiMate.framework; sourceTree = BUILT_PRODUCTS_DIR; };
		EC50F02A987BF42F8DC6D074 /* Pods-SentiMate.release.xcconfig */ = {isa = PBXFileReference; includeInIndex = 1; lastKnownFileType = text.xcconfig; name = "Pods-SentiMate.release.xcconfig"; path = "Target Support Files/Pods-SentiMate/Pods-SentiMate.release.xcconfig"; sourceTree = "<group>"; };
/* End PBXFileReference section */

/* Begin PBXFrameworksBuildPhase section */
		0502F3392BC67B4200B89FE5 /* Frameworks */ = {
			isa = PBXFrameworksBuildPhase;
			buildActionMask = 2147483647;
			files = (
				056844682BC81557004604E6 /* FirebaseFunctions in Frameworks */,
				0568445E2BC81557004604E6 /* FirebaseDatabaseSwift in Frameworks */,
				0568446E2BC81557004604E6 /* FirebaseInAppMessagingSwift-Beta in Frameworks */,
				056844742BC81557004604E6 /* FirebaseMessaging in Frameworks */,
				056844542BC81557004604E6 /* FirebaseAppDistribution-Beta in Frameworks */,
				056844582BC81557004604E6 /* FirebaseAuthCombine-Community in Frameworks */,
				056844642BC81557004604E6 /* FirebaseFirestoreCombine-Community in Frameworks */,
				0568444E2BC81557004604E6 /* FirebaseAnalyticsSwift in Frameworks */,
				056844722BC81557004604E6 /* FirebaseMLModelDownloader in Frameworks */,
				056844502BC81557004604E6 /* FirebaseAnalyticsWithoutAdIdSupport in Frameworks */,
				0568444A2BC81557004604E6 /* FirebaseAnalytics in Frameworks */,
				056844662BC81557004604E6 /* FirebaseFirestoreSwift in Frameworks */,
				0568444C2BC81557004604E6 /* FirebaseAnalyticsOnDeviceConversion in Frameworks */,
				056844522BC81557004604E6 /* FirebaseAppCheck in Frameworks */,
				056844762BC81557004604E6 /* FirebasePerformance in Frameworks */,
				0568446C2BC81557004604E6 /* FirebaseInAppMessaging-Beta in Frameworks */,
				0568446A2BC81557004604E6 /* FirebaseFunctionsCombine-Community in Frameworks */,
				0568445A2BC81557004604E6 /* FirebaseCrashlytics in Frameworks */,
				056844702BC81557004604E6 /* FirebaseInstallations in Frameworks */,
				056844782BC81557004604E6 /* FirebaseRemoteConfig in Frameworks */,
				0568447C2BC81557004604E6 /* FirebaseStorage in Frameworks */,
				0568445C2BC81557004604E6 /* FirebaseDatabase in Frameworks */,
				0568447E2BC81557004604E6 /* FirebaseStorageCombine-Community in Frameworks */,
				61A796334CB49D8E7BD734FA /* Pods_SentiMate.framework in Frameworks */,
				056844562BC81557004604E6 /* FirebaseAuth in Frameworks */,
				056844602BC81557004604E6 /* FirebaseDynamicLinks in Frameworks */,
				056844622BC81557004604E6 /* FirebaseFirestore in Frameworks */,
				0568447A2BC81557004604E6 /* FirebaseRemoteConfigSwift in Frameworks */,
			);
			runOnlyForDeploymentPostprocessing = 0;
		};
/* End PBXFrameworksBuildPhase section */

/* Begin PBXGroup section */
		04B81AB2129553DD24DAF1A8 /* Pods */ = {
			isa = PBXGroup;
			children = (
				1E2DF8D8614B3729AF54058A /* Pods-SentiMate.debug.xcconfig */,
				EC50F02A987BF42F8DC6D074 /* Pods-SentiMate.release.xcconfig */,
			);
			path = Pods;
			sourceTree = "<group>";
		};
		0502F3332BC67B4200B89FE5 = {
			isa = PBXGroup;
			children = (
				0502F33E2BC67B4200B89FE5 /* SentiMate */,
				0502F33D2BC67B4200B89FE5 /* Products */,
				04B81AB2129553DD24DAF1A8 /* Pods */,
				39F4C3CCA6CB76156DBBC777 /* Frameworks */,
			);
			sourceTree = "<group>";
		};
		0502F33D2BC67B4200B89FE5 /* Products */ = {
			isa = PBXGroup;
			children = (
				0502F33C2BC67B4200B89FE5 /* SentiMate.app */,
			);
			name = Products;
			sourceTree = "<group>";
		};
		0502F33E2BC67B4200B89FE5 /* SentiMate */ = {
			isa = PBXGroup;
			children = (
				05D366BE2BE09BB9004227A3 /* SentiMate.entitlements */,
				05223DA12BDFABFD0066AD61 /* openAI.json */,
				052013042BE3B2E700A2A1F5 /* Obj */,
				056844812BC8177E004604E6 /* Managers */,
				059C5AB42BD559FB004E5331 /* Extensions */,
				0571E2F12BC799000049B73E /* Models */,
				0571E2EB2BC7979E0049B73E /* Controllers */,
				054D947B2BE753EB00E4F415 /* Auth */,
				0538A17B2BDE458600796496 /* WalkThrough */,
				0502F33F2BC67B4200B89FE5 /* AppDelegate.swift */,
				0502F3412BC67B4200B89FE5 /* SceneDelegate.swift */,
				0502F3452BC67B4200B89FE5 /* Main.storyboard */,
				0502F34D2BC67B4500B89FE5 /* LaunchScreen.storyboard */,
				05D8A4BA2BDB572400061340 /* ChenYuluoyan-Thin.ttf */,
				05BC62D82BE27D1E0003E263 /* jf-openhuninn-2.0.ttf */,
				0502F34B2BC67B4500B89FE5 /* Assets.xcassets */,
				05B44C172BD2467100798934 /* APIKey.plist */,
				0502F3502BC67B4500B89FE5 /* Info.plist */,
				05D366BC2BE093AB004227A3 /* GoogleService-Info.plist */,
				0571E2E92BC790340049B73E /* CNNEmotions.mlmodel */,
				0502F3482BC67B4200B89FE5 /* SentiMate.xcdatamodeld */,
			);
			path = SentiMate;
			sourceTree = "<group>";
		};
		0506D6172BDA106F0045A8C1 /* AlertView */ = {
			isa = PBXGroup;
			children = (
				05D366C12BE0A09A004227A3 /* AlertClass.swift */,
				0506D6102BDA0BA90045A8C1 /* AlertView.xib */,
				0506D6152BDA0CF70045A8C1 /* AlertView.swift */,
			);
			path = AlertView;
			sourceTree = "<group>";
		};
		052013042BE3B2E700A2A1F5 /* Obj */ = {
			isa = PBXGroup;
			children = (
				054D946D2BE4D9F200E4F415 /* T_Diffuse_Emoticon 27.png */,
				054D94702BE4D9F400E4F415 /* T_Diffuse_Emoticon 40.png */,
				054D946F2BE4D9F300E4F415 /* T_Roughness_Emoticon 27.png */,
				054D946E2BE4D9F300E4F415 /* T_Roughness_Emoticon 40.png */,
				054D94652BE4D9A200E4F415 /* Emoticon_27.dae */,
				054D94752BE4DA3400E4F415 /* Emoticon_27.scn */,
				054D94612BE4D99F00E4F415 /* Emoticon_27.mtl */,
				054D94642BE4D9A100E4F415 /* Emoticon_27.obj */,
				054D94632BE4D9A100E4F415 /* Emoticon_40.dae */,
				054D94772BE4DA4400E4F415 /* Emoticon_40.scn */,
				054D94662BE4D9A300E4F415 /* Emoticon_40.mtl */,
				054D94622BE4D9A000E4F415 /* Emoticon_40.obj */,
				052013052BE3B33400A2A1F5 /* T_Diffuse_Emoticon 56.png */,
				052013022BE3B2D400A2A1F5 /* Emoticon_56.dae */,
				052013072BE3B35600A2A1F5 /* Emoticon_56.scn */,
			);
			name = Obj;
			path = Managers/Obj;
			sourceTree = "<group>";
		};
		0538A17B2BDE458600796496 /* WalkThrough */ = {
			isa = PBXGroup;
			children = (
				0538A1792BDE457D00796496 /* PageModel.swift */,
				0538A1772BDE456600796496 /* PageView.swift */,
				0538A1752BDE455100796496 /* OnboardingView.swift */,
				0538A1802BDE4E9000796496 /* MainAppViewControllerRepresentable.swift */,
				0538A17E2BDE4E1000796496 /* ContentView.swift */,
				0538A17C2BDE4D6200796496 /* AppManager.swift */,
			);
			path = WalkThrough;
			sourceTree = "<group>";
		};
		054D947B2BE753EB00E4F415 /* Auth */ = {
			isa = PBXGroup;
			children = (
				054D947C2BE753EB00E4F415 /* LoginView.swift */,
				054D947D2BE753EB00E4F415 /* UserProfileView.swift */,
				0584A64B2BEE2093000C0B5C /* UsernameEditView.swift */,
				054D947E2BE753EB00E4F415 /* AuthenticatedView.swift */,
				054D947F2BE753EB00E4F415 /* AuthenticationView.swift */,
				054D94802BE753EB00E4F415 /* SignupView.swift */,
				054D94812BE753EB00E4F415 /* AuthenticationViewModel.swift */,
			);
			path = Auth;
			sourceTree = "<group>";
		};
		056844812BC8177E004604E6 /* Managers */ = {
			isa = PBXGroup;
			children = (
				0568447F2BC81765004604E6 /* FirebaseManager.swift */,
				053A5EB22BCD224E00EAC1F2 /* DiaryManager.swift */,
				0509C1532BCAC91C000FB482 /* MusicManager.swift */,
				05A4812C2BD119C40073F305 /* OpenAIManager.swift */,
				05B250802BD69BE40073D4AD /* ModelManager.swift */,
				05BC62DA2BE27D5B0003E263 /* FontManager.swift */,
			);
			path = Managers;
			sourceTree = "<group>";
		};
		056FE93B2BE9DEBF0012AFF9 /* AnalyticsView */ = {
			isa = PBXGroup;
			children = (
				05A481282BD0F43F0073F305 /* ChartCell.swift */,
				05A481262BD0F4330073F305 /* AICell.swift */,
			);
			path = AnalyticsView;
			sourceTree = "<group>";
		};
		0571E2EB2BC7979E0049B73E /* Controllers */ = {
			isa = PBXGroup;
			children = (
				05D366BF2BE09F4A004227A3 /* SettingVC.swift */,
				0509C1592BCBB169000FB482 /* MusicCell.swift */,
				059E446D2BC6A7FE00184989 /* MusicVC.swift */,
				05B44C1F2BD263D600798934 /* MusicEntryCell */,
				05B44C192BD2632000798934 /* MusicEntryVC.swift */,
				0571E2F22BC7BD1A0049B73E /* PostDetailVC.swift */,
				0574CA142BC7D54F0075A296 /* PostDetailCell */,
				059E446B2BC6A7A900184989 /* PostVC.swift */,
				05CD0F7C2BD3B1C400242DA8 /* PostEntryVC.swift */,
				0506D6172BDA106F0045A8C1 /* AlertView */,
				053A5EB02BCCFB7A00EAC1F2 /* AnalyticsView.swift */,
				056FE93B2BE9DEBF0012AFF9 /* AnalyticsView */,
				059E44692BC6A5DF00184989 /* AnalyticsVC.swift */,
				053A5EB42BCD51C700EAC1F2 /* DiaryVC.swift */,
				05CC58762BC9321B003070EC /* HomeDiaryCell.swift */,
				058143692BC9291400C6D111 /* HomeVC.swift */,
				052013092BE3BB6600A2A1F5 /* DraggableFloatingView.swift */,
				054D94882BE7736400E4F415 /* TestDeleteVC.swift */,
			);
			path = Controllers;
			sourceTree = "<group>";
		};
		0571E2F12BC799000049B73E /* Models */ = {
			isa = PBXGroup;
			children = (
				05CC58782BC93C3F003070EC /* Diary.swift */,
				0509C1512BCAC731000FB482 /* Music.swift */,
				0509C1572BCACA95000FB482 /* Emotions.swift */,
				05A4812A2BD119660073F305 /* AIResponse.swift */,
			);
			path = Models;
			sourceTree = "<group>";
		};
		0574CA142BC7D54F0075A296 /* PostDetailCell */ = {
			isa = PBXGroup;
			children = (
				0574CA122BC7D54A0075A296 /* DateCell.swift */,
				0574CA152BC7D5BD0075A296 /* EmotionCell.swift */,
				0574CA172BC7D5D80075A296 /* CategoryCell.swift */,
				0574CA192BC7DB360075A296 /* TextFieldCell.swift */,
			);
			path = PostDetailCell;
			sourceTree = "<group>";
		};
		059C5AB42BD559FB004E5331 /* Extensions */ = {
			isa = PBXGroup;
			children = (
				059C5AB22BD559E7004E5331 /* UIColor+Hex.swift */,
				05B2507E2BD636EF0073D4AD /* UIView+Shadow.swift */,
				05223DA72BDFDA820066AD61 /* Keyboard+Extension.swift */,
				05223DA92BDFDBF20066AD61 /* KeyboardResponder.swift */,
				05223DAB2BDFE3800066AD61 /* UIButton+Extension.swift */,
			);
			path = Extensions;
			sourceTree = "<group>";
		};
		05B44C1F2BD263D600798934 /* MusicEntryCell */ = {
			isa = PBXGroup;
			children = (
				05B44C1D2BD263C900798934 /* CalmMusicEntryCell.swift */,
			);
			path = MusicEntryCell;
			sourceTree = "<group>";
		};
		39F4C3CCA6CB76156DBBC777 /* Frameworks */ = {
			isa = PBXGroup;
			children = (
				52DC112692918C5E2064F9FD /* Pods_SentiMate.framework */,
			);
			name = Frameworks;
			sourceTree = "<group>";
		};
/* End PBXGroup section */

/* Begin PBXNativeTarget section */
		0502F33B2BC67B4200B89FE5 /* SentiMate */ = {
			isa = PBXNativeTarget;
			buildConfigurationList = 0502F3532BC67B4500B89FE5 /* Build configuration list for PBXNativeTarget "SentiMate" */;
			buildPhases = (
				6717331B235227CD0C8EC4EF /* [CP] Check Pods Manifest.lock */,
				0502F3382BC67B4200B89FE5 /* Sources */,
				0502F3392BC67B4200B89FE5 /* Frameworks */,
				0502F33A2BC67B4200B89FE5 /* Resources */,
				42C6686651C79C02C3E74C59 /* [CP] Embed Pods Frameworks */,
				0571E2E82BC7727C0049B73E /* ShellScript */,
				05546D672BECC07B008FAF58 /* ShellScript */,
			);
			buildRules = (
			);
			dependencies = (
			);
			name = SentiMate;
			packageProductDependencies = (
				056844492BC81557004604E6 /* FirebaseAnalytics */,
				0568444B2BC81557004604E6 /* FirebaseAnalyticsOnDeviceConversion */,
				0568444D2BC81557004604E6 /* FirebaseAnalyticsSwift */,
				0568444F2BC81557004604E6 /* FirebaseAnalyticsWithoutAdIdSupport */,
				056844512BC81557004604E6 /* FirebaseAppCheck */,
				056844532BC81557004604E6 /* FirebaseAppDistribution-Beta */,
				056844552BC81557004604E6 /* FirebaseAuth */,
				056844572BC81557004604E6 /* FirebaseAuthCombine-Community */,
				056844592BC81557004604E6 /* FirebaseCrashlytics */,
				0568445B2BC81557004604E6 /* FirebaseDatabase */,
				0568445D2BC81557004604E6 /* FirebaseDatabaseSwift */,
				0568445F2BC81557004604E6 /* FirebaseDynamicLinks */,
				056844612BC81557004604E6 /* FirebaseFirestore */,
				056844632BC81557004604E6 /* FirebaseFirestoreCombine-Community */,
				056844652BC81557004604E6 /* FirebaseFirestoreSwift */,
				056844672BC81557004604E6 /* FirebaseFunctions */,
				056844692BC81557004604E6 /* FirebaseFunctionsCombine-Community */,
				0568446B2BC81557004604E6 /* FirebaseInAppMessaging-Beta */,
				0568446D2BC81557004604E6 /* FirebaseInAppMessagingSwift-Beta */,
				0568446F2BC81557004604E6 /* FirebaseInstallations */,
				056844712BC81557004604E6 /* FirebaseMLModelDownloader */,
				056844732BC81557004604E6 /* FirebaseMessaging */,
				056844752BC81557004604E6 /* FirebasePerformance */,
				056844772BC81557004604E6 /* FirebaseRemoteConfig */,
				056844792BC81557004604E6 /* FirebaseRemoteConfigSwift */,
				0568447B2BC81557004604E6 /* FirebaseStorage */,
				0568447D2BC81557004604E6 /* FirebaseStorageCombine-Community */,
			);
			productName = SentiMate;
			productReference = 0502F33C2BC67B4200B89FE5 /* SentiMate.app */;
			productType = "com.apple.product-type.application";
		};
/* End PBXNativeTarget section */

/* Begin PBXProject section */
		0502F3342BC67B4200B89FE5 /* Project object */ = {
			isa = PBXProject;
			attributes = {
				BuildIndependentTargetsInParallel = 1;
				LastSwiftUpdateCheck = 1520;
				LastUpgradeCheck = 1520;
				TargetAttributes = {
					0502F33B2BC67B4200B89FE5 = {
						CreatedOnToolsVersion = 15.2;
					};
				};
			};
			buildConfigurationList = 0502F3372BC67B4200B89FE5 /* Build configuration list for PBXProject "SentiMate" */;
			compatibilityVersion = "Xcode 14.0";
			developmentRegion = en;
			hasScannedForEncodings = 0;
			knownRegions = (
				en,
				Base,
			);
			mainGroup = 0502F3332BC67B4200B89FE5;
			packageReferences = (
				056844482BC81557004604E6 /* XCRemoteSwiftPackageReference "firebase-ios-sdk" */,
			);
			productRefGroup = 0502F33D2BC67B4200B89FE5 /* Products */;
			projectDirPath = "";
			projectRoot = "";
			targets = (
				0502F33B2BC67B4200B89FE5 /* SentiMate */,
			);
		};
/* End PBXProject section */

/* Begin PBXResourcesBuildPhase section */
		0502F33A2BC67B4200B89FE5 /* Resources */ = {
			isa = PBXResourcesBuildPhase;
			buildActionMask = 2147483647;
			files = (
				054D94712BE4D9F400E4F415 /* T_Diffuse_Emoticon 27.png in Resources */,
				054D94722BE4D9F400E4F415 /* T_Roughness_Emoticon 40.png in Resources */,
				054D94782BE4DA4400E4F415 /* Emoticon_40.scn in Resources */,
				054D94732BE4D9F400E4F415 /* T_Roughness_Emoticon 27.png in Resources */,
				054D94742BE4D9F400E4F415 /* T_Diffuse_Emoticon 40.png in Resources */,
				054D94672BE4D9A300E4F415 /* Emoticon_27.mtl in Resources */,
				054D94682BE4D9A300E4F415 /* Emoticon_40.obj in Resources */,
				054D94692BE4D9A300E4F415 /* Emoticon_40.dae in Resources */,
				054D946A2BE4D9A300E4F415 /* Emoticon_27.obj in Resources */,
				054D946B2BE4D9A300E4F415 /* Emoticon_27.dae in Resources */,
				054D946C2BE4D9A300E4F415 /* Emoticon_40.mtl in Resources */,
				052013062BE3B33400A2A1F5 /* T_Diffuse_Emoticon 56.png in Resources */,
				052013032BE3B2D400A2A1F5 /* Emoticon_56.dae in Resources */,
				05B44C182BD2467100798934 /* APIKey.plist in Resources */,
				05D366BD2BE093AC004227A3 /* GoogleService-Info.plist in Resources */,
				0502F34F2BC67B4500B89FE5 /* LaunchScreen.storyboard in Resources */,
				052013082BE3B35600A2A1F5 /* Emoticon_56.scn in Resources */,
				05BC62D92BE27D1E0003E263 /* jf-openhuninn-2.0.ttf in Resources */,
				05D8A4BB2BDB572400061340 /* ChenYuluoyan-Thin.ttf in Resources */,
				0506D6122BDA0BA90045A8C1 /* AlertView.xib in Resources */,
				0502F34C2BC67B4500B89FE5 /* Assets.xcassets in Resources */,
				054D94762BE4DA3400E4F415 /* Emoticon_27.scn in Resources */,
				0502F3472BC67B4200B89FE5 /* Main.storyboard in Resources */,
				05223DA22BDFABFE0066AD61 /* openAI.json in Resources */,
			);
			runOnlyForDeploymentPostprocessing = 0;
		};
/* End PBXResourcesBuildPhase section */

/* Begin PBXShellScriptBuildPhase section */
		05546D672BECC07B008FAF58 /* ShellScript */ = {
			isa = PBXShellScriptBuildPhase;
			buildActionMask = 12;
			files = (
			);
			inputFileListPaths = (
			);
			inputPaths = (
				"${DWARF_DSYM_FOLDER_PATH}/${DWARF_DSYM_FILE_NAME}",
				"${DWARF_DSYM_FOLDER_PATH}/${DWARF_DSYM_FILE_NAME}/Contents/Resources/DWARF/${PRODUCT_NAME}",
				"${DWARF_DSYM_FOLDER_PATH}/${DWARF_DSYM_FILE_NAME}/Contents/Info.plist",
				"$(TARGET_BUILD_DIR)/$(UNLOCALIZED_RESOURCES_FOLDER_PATH)/GoogleService-Info.plist",
				"$(TARGET_BUILD_DIR)/$(EXECUTABLE_PATH)",
			);
			outputFileListPaths = (
			);
			outputPaths = (
			);
			runOnlyForDeploymentPostprocessing = 0;
			shellPath = /bin/sh;
			shellScript = "\"${BUILD_DIR%Build/*}SourcePackages/checkouts/firebase-ios-sdk/Crashlytics/run\"\n";
		};
		0571E2E82BC7727C0049B73E /* ShellScript */ = {
			isa = PBXShellScriptBuildPhase;
			buildActionMask = 2147483647;
			files = (
			);
			inputFileListPaths = (
			);
			inputPaths = (
			);
			outputFileListPaths = (
			);
			outputPaths = (
			);
			runOnlyForDeploymentPostprocessing = 0;
			shellPath = /bin/sh;
			shellScript = "# Type a script or drag a script file from your workspace to insert its path.\n\"${PODS_ROOT}/SwiftLint/swiftlint\"\n";
		};
		42C6686651C79C02C3E74C59 /* [CP] Embed Pods Frameworks */ = {
			isa = PBXShellScriptBuildPhase;
			buildActionMask = 2147483647;
			files = (
			);
			inputFileListPaths = (
				"${PODS_ROOT}/Target Support Files/Pods-SentiMate/Pods-SentiMate-frameworks-${CONFIGURATION}-input-files.xcfilelist",
			);
			name = "[CP] Embed Pods Frameworks";
			outputFileListPaths = (
				"${PODS_ROOT}/Target Support Files/Pods-SentiMate/Pods-SentiMate-frameworks-${CONFIGURATION}-output-files.xcfilelist",
			);
			runOnlyForDeploymentPostprocessing = 0;
			shellPath = /bin/sh;
			shellScript = "\"${PODS_ROOT}/Target Support Files/Pods-SentiMate/Pods-SentiMate-frameworks.sh\"\n";
			showEnvVarsInLog = 0;
		};
		6717331B235227CD0C8EC4EF /* [CP] Check Pods Manifest.lock */ = {
			isa = PBXShellScriptBuildPhase;
			buildActionMask = 2147483647;
			files = (
			);
			inputFileListPaths = (
			);
			inputPaths = (
				"${PODS_PODFILE_DIR_PATH}/Podfile.lock",
				"${PODS_ROOT}/Manifest.lock",
			);
			name = "[CP] Check Pods Manifest.lock";
			outputFileListPaths = (
			);
			outputPaths = (
				"$(DERIVED_FILE_DIR)/Pods-SentiMate-checkManifestLockResult.txt",
			);
			runOnlyForDeploymentPostprocessing = 0;
			shellPath = /bin/sh;
			shellScript = "diff \"${PODS_PODFILE_DIR_PATH}/Podfile.lock\" \"${PODS_ROOT}/Manifest.lock\" > /dev/null\nif [ $? != 0 ] ; then\n    # print error to STDERR\n    echo \"error: The sandbox is not in sync with the Podfile.lock. Run 'pod install' or update your CocoaPods installation.\" >&2\n    exit 1\nfi\n# This output is used by Xcode 'outputs' to avoid re-running this script phase.\necho \"SUCCESS\" > \"${SCRIPT_OUTPUT_FILE_0}\"\n";
			showEnvVarsInLog = 0;
		};
/* End PBXShellScriptBuildPhase section */

/* Begin PBXSourcesBuildPhase section */
		0502F3382BC67B4200B89FE5 /* Sources */ = {
			isa = PBXSourcesBuildPhase;
			buildActionMask = 2147483647;
			files = (
				0571E2EA2BC790340049B73E /* CNNEmotions.mlmodel in Sources */,
				05B44C1E2BD263C900798934 /* CalmMusicEntryCell.swift in Sources */,
				054D94852BE753EB00E4F415 /* AuthenticationView.swift in Sources */,
				0509C1522BCAC731000FB482 /* Music.swift in Sources */,
				0581436A2BC9291400C6D111 /* HomeVC.swift in Sources */,
				0538A1812BDE4E9000796496 /* MainAppViewControllerRepresentable.swift in Sources */,
				05D366C22BE0A09A004227A3 /* AlertClass.swift in Sources */,
				054D94892BE7736400E4F415 /* TestDeleteVC.swift in Sources */,
				05B2507F2BD636EF0073D4AD /* UIView+Shadow.swift in Sources */,
				0509C1582BCACA95000FB482 /* Emotions.swift in Sources */,
				05A4812D2BD119C40073F305 /* OpenAIManager.swift in Sources */,
				0520130A2BE3BB6600A2A1F5 /* DraggableFloatingView.swift in Sources */,
				05A4812B2BD119660073F305 /* AIResponse.swift in Sources */,
				05223DA82BDFDA820066AD61 /* Keyboard+Extension.swift in Sources */,
				0574CA132BC7D54A0075A296 /* DateCell.swift in Sources */,
				054D94872BE753EB00E4F415 /* AuthenticationViewModel.swift in Sources */,
				056844802BC81765004604E6 /* FirebaseManager.swift in Sources */,
				0571E2F32BC7BD1A0049B73E /* PostDetailVC.swift in Sources */,
				05B44C1A2BD2632000798934 /* MusicEntryVC.swift in Sources */,
				059E446E2BC6A7FE00184989 /* MusicVC.swift in Sources */,
				054D94822BE753EB00E4F415 /* LoginView.swift in Sources */,
				054D94862BE753EB00E4F415 /* SignupView.swift in Sources */,
				05223DAC2BDFE3800066AD61 /* UIButton+Extension.swift in Sources */,
				05BC62DB2BE27D5B0003E263 /* FontManager.swift in Sources */,
				053A5EB52BCD51C700EAC1F2 /* DiaryVC.swift in Sources */,
				0509C15A2BCBB169000FB482 /* MusicCell.swift in Sources */,
				059E446C2BC6A7A900184989 /* PostVC.swift in Sources */,
				0574CA162BC7D5BD0075A296 /* EmotionCell.swift in Sources */,
				05D366C02BE09F4A004227A3 /* SettingVC.swift in Sources */,
				0502F34A2BC67B4200B89FE5 /* SentiMate.xcdatamodeld in Sources */,
				05B250812BD69BE50073D4AD /* ModelManager.swift in Sources */,
				05CC58772BC9321B003070EC /* HomeDiaryCell.swift in Sources */,
				0538A17F2BDE4E1000796496 /* ContentView.swift in Sources */,
				0509C1542BCAC91C000FB482 /* MusicManager.swift in Sources */,
				0574CA1A2BC7DB360075A296 /* TextFieldCell.swift in Sources */,
				0538A1762BDE455100796496 /* OnboardingView.swift in Sources */,
				05A481292BD0F43F0073F305 /* ChartCell.swift in Sources */,
				054D94842BE753EB00E4F415 /* AuthenticatedView.swift in Sources */,
				059E446A2BC6A5DF00184989 /* AnalyticsVC.swift in Sources */,
				05A481272BD0F4330073F305 /* AICell.swift in Sources */,
				0538A17D2BDE4D6200796496 /* AppManager.swift in Sources */,
				0538A17A2BDE457D00796496 /* PageModel.swift in Sources */,
				0502F3402BC67B4200B89FE5 /* AppDelegate.swift in Sources */,
				054D94832BE753EB00E4F415 /* UserProfileView.swift in Sources */,
				059C5AB32BD559E7004E5331 /* UIColor+Hex.swift in Sources */,
				0502F3422BC67B4200B89FE5 /* SceneDelegate.swift in Sources */,
				053A5EB12BCCFB7A00EAC1F2 /* AnalyticsView.swift in Sources */,
				0506D6162BDA0CF70045A8C1 /* AlertView.swift in Sources */,
				05223DAA2BDFDBF20066AD61 /* KeyboardResponder.swift in Sources */,
				0574CA182BC7D5D80075A296 /* CategoryCell.swift in Sources */,
				05CC58792BC93C3F003070EC /* Diary.swift in Sources */,
				05CD0F7D2BD3B1C400242DA8 /* PostEntryVC.swift in Sources */,
				0584A64C2BEE2093000C0B5C /* UsernameEditView.swift in Sources */,
				0538A1782BDE456600796496 /* PageView.swift in Sources */,
				053A5EB32BCD224E00EAC1F2 /* DiaryManager.swift in Sources */,
			);
			runOnlyForDeploymentPostprocessing = 0;
		};
/* End PBXSourcesBuildPhase section */

/* Begin PBXVariantGroup section */
		0502F3452BC67B4200B89FE5 /* Main.storyboard */ = {
			isa = PBXVariantGroup;
			children = (
				0502F3462BC67B4200B89FE5 /* Base */,
			);
			name = Main.storyboard;
			sourceTree = "<group>";
		};
		0502F34D2BC67B4500B89FE5 /* LaunchScreen.storyboard */ = {
			isa = PBXVariantGroup;
			children = (
				0502F34E2BC67B4500B89FE5 /* Base */,
			);
			name = LaunchScreen.storyboard;
			sourceTree = "<group>";
		};
/* End PBXVariantGroup section */

/* Begin XCBuildConfiguration section */
		0502F3512BC67B4500B89FE5 /* Debug */ = {
			isa = XCBuildConfiguration;
			buildSettings = {
				ALWAYS_SEARCH_USER_PATHS = NO;
				ASSETCATALOG_COMPILER_GENERATE_SWIFT_ASSET_SYMBOL_EXTENSIONS = YES;
				CLANG_ANALYZER_NONNULL = YES;
				CLANG_ANALYZER_NUMBER_OBJECT_CONVERSION = YES_AGGRESSIVE;
				CLANG_CXX_LANGUAGE_STANDARD = "gnu++20";
				CLANG_ENABLE_MODULES = YES;
				CLANG_ENABLE_OBJC_ARC = YES;
				CLANG_ENABLE_OBJC_WEAK = YES;
				CLANG_WARN_BLOCK_CAPTURE_AUTORELEASING = YES;
				CLANG_WARN_BOOL_CONVERSION = YES;
				CLANG_WARN_COMMA = YES;
				CLANG_WARN_CONSTANT_CONVERSION = YES;
				CLANG_WARN_DEPRECATED_OBJC_IMPLEMENTATIONS = YES;
				CLANG_WARN_DIRECT_OBJC_ISA_USAGE = YES_ERROR;
				CLANG_WARN_DOCUMENTATION_COMMENTS = YES;
				CLANG_WARN_EMPTY_BODY = YES;
				CLANG_WARN_ENUM_CONVERSION = YES;
				CLANG_WARN_INFINITE_RECURSION = YES;
				CLANG_WARN_INT_CONVERSION = YES;
				CLANG_WARN_NON_LITERAL_NULL_CONVERSION = YES;
				CLANG_WARN_OBJC_IMPLICIT_RETAIN_SELF = YES;
				CLANG_WARN_OBJC_LITERAL_CONVERSION = YES;
				CLANG_WARN_OBJC_ROOT_CLASS = YES_ERROR;
				CLANG_WARN_QUOTED_INCLUDE_IN_FRAMEWORK_HEADER = YES;
				CLANG_WARN_RANGE_LOOP_ANALYSIS = YES;
				CLANG_WARN_STRICT_PROTOTYPES = YES;
				CLANG_WARN_SUSPICIOUS_MOVE = YES;
				CLANG_WARN_UNGUARDED_AVAILABILITY = YES_AGGRESSIVE;
				CLANG_WARN_UNREACHABLE_CODE = YES;
				CLANG_WARN__DUPLICATE_METHOD_MATCH = YES;
				COPY_PHASE_STRIP = NO;
				DEBUG_INFORMATION_FORMAT = dwarf;
				ENABLE_STRICT_OBJC_MSGSEND = YES;
				ENABLE_TESTABILITY = YES;
				ENABLE_USER_SCRIPT_SANDBOXING = NO;
				GCC_C_LANGUAGE_STANDARD = gnu17;
				GCC_DYNAMIC_NO_PIC = NO;
				GCC_NO_COMMON_BLOCKS = YES;
				GCC_OPTIMIZATION_LEVEL = 0;
				GCC_PREPROCESSOR_DEFINITIONS = (
					"DEBUG=1",
					"$(inherited)",
				);
				GCC_WARN_64_TO_32_BIT_CONVERSION = YES;
				GCC_WARN_ABOUT_RETURN_TYPE = YES_ERROR;
				GCC_WARN_UNDECLARED_SELECTOR = YES;
				GCC_WARN_UNINITIALIZED_AUTOS = YES_AGGRESSIVE;
				GCC_WARN_UNUSED_FUNCTION = YES;
				GCC_WARN_UNUSED_VARIABLE = YES;
				IPHONEOS_DEPLOYMENT_TARGET = 17.0;
				LOCALIZATION_PREFERS_STRING_CATALOGS = YES;
				MTL_ENABLE_DEBUG_INFO = INCLUDE_SOURCE;
				MTL_FAST_MATH = YES;
				ONLY_ACTIVE_ARCH = YES;
				SDKROOT = iphoneos;
				SWIFT_ACTIVE_COMPILATION_CONDITIONS = "DEBUG $(inherited)";
				SWIFT_OPTIMIZATION_LEVEL = "-Onone";
			};
			name = Debug;
		};
		0502F3522BC67B4500B89FE5 /* Release */ = {
			isa = XCBuildConfiguration;
			buildSettings = {
				ALWAYS_SEARCH_USER_PATHS = NO;
				ASSETCATALOG_COMPILER_GENERATE_SWIFT_ASSET_SYMBOL_EXTENSIONS = YES;
				CLANG_ANALYZER_NONNULL = YES;
				CLANG_ANALYZER_NUMBER_OBJECT_CONVERSION = YES_AGGRESSIVE;
				CLANG_CXX_LANGUAGE_STANDARD = "gnu++20";
				CLANG_ENABLE_MODULES = YES;
				CLANG_ENABLE_OBJC_ARC = YES;
				CLANG_ENABLE_OBJC_WEAK = YES;
				CLANG_WARN_BLOCK_CAPTURE_AUTORELEASING = YES;
				CLANG_WARN_BOOL_CONVERSION = YES;
				CLANG_WARN_COMMA = YES;
				CLANG_WARN_CONSTANT_CONVERSION = YES;
				CLANG_WARN_DEPRECATED_OBJC_IMPLEMENTATIONS = YES;
				CLANG_WARN_DIRECT_OBJC_ISA_USAGE = YES_ERROR;
				CLANG_WARN_DOCUMENTATION_COMMENTS = YES;
				CLANG_WARN_EMPTY_BODY = YES;
				CLANG_WARN_ENUM_CONVERSION = YES;
				CLANG_WARN_INFINITE_RECURSION = YES;
				CLANG_WARN_INT_CONVERSION = YES;
				CLANG_WARN_NON_LITERAL_NULL_CONVERSION = YES;
				CLANG_WARN_OBJC_IMPLICIT_RETAIN_SELF = YES;
				CLANG_WARN_OBJC_LITERAL_CONVERSION = YES;
				CLANG_WARN_OBJC_ROOT_CLASS = YES_ERROR;
				CLANG_WARN_QUOTED_INCLUDE_IN_FRAMEWORK_HEADER = YES;
				CLANG_WARN_RANGE_LOOP_ANALYSIS = YES;
				CLANG_WARN_STRICT_PROTOTYPES = YES;
				CLANG_WARN_SUSPICIOUS_MOVE = YES;
				CLANG_WARN_UNGUARDED_AVAILABILITY = YES_AGGRESSIVE;
				CLANG_WARN_UNREACHABLE_CODE = YES;
				CLANG_WARN__DUPLICATE_METHOD_MATCH = YES;
				COPY_PHASE_STRIP = NO;
				DEBUG_INFORMATION_FORMAT = dwarf;
				ENABLE_NS_ASSERTIONS = NO;
				ENABLE_STRICT_OBJC_MSGSEND = YES;
				ENABLE_USER_SCRIPT_SANDBOXING = NO;
				GCC_C_LANGUAGE_STANDARD = gnu17;
				GCC_NO_COMMON_BLOCKS = YES;
				GCC_WARN_64_TO_32_BIT_CONVERSION = YES;
				GCC_WARN_ABOUT_RETURN_TYPE = YES_ERROR;
				GCC_WARN_UNDECLARED_SELECTOR = YES;
				GCC_WARN_UNINITIALIZED_AUTOS = YES_AGGRESSIVE;
				GCC_WARN_UNUSED_FUNCTION = YES;
				GCC_WARN_UNUSED_VARIABLE = YES;
				IPHONEOS_DEPLOYMENT_TARGET = 17.0;
				LOCALIZATION_PREFERS_STRING_CATALOGS = YES;
				MTL_ENABLE_DEBUG_INFO = NO;
				MTL_FAST_MATH = YES;
				SDKROOT = iphoneos;
				SWIFT_COMPILATION_MODE = wholemodule;
				VALIDATE_PRODUCT = YES;
			};
			name = Release;
		};
		0502F3542BC67B4500B89FE5 /* Debug */ = {
			isa = XCBuildConfiguration;
			baseConfigurationReference = 1E2DF8D8614B3729AF54058A /* Pods-SentiMate.debug.xcconfig */;
			buildSettings = {
				ASSETCATALOG_COMPILER_APPICON_NAME = AppIcon;
				ASSETCATALOG_COMPILER_GLOBAL_ACCENT_COLOR_NAME = AccentColor;
				CODE_SIGN_ENTITLEMENTS = SentiMate/SentiMate.entitlements;
				CODE_SIGN_STYLE = Automatic;
				CURRENT_PROJECT_VERSION = 3;
				DEBUG_INFORMATION_FORMAT = "dwarf-with-dsym";
				DEVELOPMENT_TEAM = DMLVNU9R64;
				GENERATE_INFOPLIST_FILE = YES;
				INFOPLIST_FILE = SentiMate/Info.plist;
				INFOPLIST_KEY_NSCameraUsageDescription = "SentiMate將使用您的相機，進行AR臉部表情的偵測與識別，這並不會留存您的肖像及任何身體資訊。";
				INFOPLIST_KEY_UIApplicationSupportsIndirectInputEvents = YES;
				INFOPLIST_KEY_UILaunchStoryboardName = LaunchScreen;
				INFOPLIST_KEY_UIMainStoryboardFile = Main;
				INFOPLIST_KEY_UISupportedInterfaceOrientations_iPad = "UIInterfaceOrientationPortrait UIInterfaceOrientationPortraitUpsideDown UIInterfaceOrientationLandscapeLeft UIInterfaceOrientationLandscapeRight";
				INFOPLIST_KEY_UISupportedInterfaceOrientations_iPhone = "UIInterfaceOrientationPortrait UIInterfaceOrientationLandscapeLeft UIInterfaceOrientationLandscapeRight";
				LD_RUNPATH_SEARCH_PATHS = (
					"$(inherited)",
					"@executable_path/Frameworks",
				);
				MARKETING_VERSION = 1.0.1;
				PRODUCT_BUNDLE_IDENTIFIER = com.yuansyuan.SentiMate;
				PRODUCT_NAME = "$(TARGET_NAME)";
				SUPPORTED_PLATFORMS = "iphoneos iphonesimulator";
				SUPPORTS_MACCATALYST = NO;
				SUPPORTS_MAC_DESIGNED_FOR_IPHONE_IPAD = NO;
				SUPPORTS_XR_DESIGNED_FOR_IPHONE_IPAD = NO;
				SWIFT_EMIT_LOC_STRINGS = YES;
				SWIFT_VERSION = 5.0;
				TARGETED_DEVICE_FAMILY = 1;
			};
			name = Debug;
		};
		0502F3552BC67B4500B89FE5 /* Release */ = {
			isa = XCBuildConfiguration;
			baseConfigurationReference = EC50F02A987BF42F8DC6D074 /* Pods-SentiMate.release.xcconfig */;
			buildSettings = {
				ASSETCATALOG_COMPILER_APPICON_NAME = AppIcon;
				ASSETCATALOG_COMPILER_GLOBAL_ACCENT_COLOR_NAME = AccentColor;
				CODE_SIGN_ENTITLEMENTS = SentiMate/SentiMate.entitlements;
				CODE_SIGN_STYLE = Automatic;
				CURRENT_PROJECT_VERSION = 3;
				DEVELOPMENT_TEAM = DMLVNU9R64;
				GENERATE_INFOPLIST_FILE = YES;
				INFOPLIST_FILE = SentiMate/Info.plist;
				INFOPLIST_KEY_NSCameraUsageDescription = "SentiMate將使用您的相機，進行AR臉部表情的偵測與識別，這並不會留存您的肖像及任何身體資訊。";
				INFOPLIST_KEY_UIApplicationSupportsIndirectInputEvents = YES;
				INFOPLIST_KEY_UILaunchStoryboardName = LaunchScreen;
				INFOPLIST_KEY_UIMainStoryboardFile = Main;
				INFOPLIST_KEY_UISupportedInterfaceOrientations_iPad = "UIInterfaceOrientationPortrait UIInterfaceOrientationPortraitUpsideDown UIInterfaceOrientationLandscapeLeft UIInterfaceOrientationLandscapeRight";
				INFOPLIST_KEY_UISupportedInterfaceOrientations_iPhone = "UIInterfaceOrientationPortrait UIInterfaceOrientationLandscapeLeft UIInterfaceOrientationLandscapeRight";
				LD_RUNPATH_SEARCH_PATHS = (
					"$(inherited)",
					"@executable_path/Frameworks",
				);
				MARKETING_VERSION = 1.0.1;
				PRODUCT_BUNDLE_IDENTIFIER = com.yuansyuan.SentiMate;
				PRODUCT_NAME = "$(TARGET_NAME)";
				SUPPORTED_PLATFORMS = "iphoneos iphonesimulator";
				SUPPORTS_MACCATALYST = NO;
				SUPPORTS_MAC_DESIGNED_FOR_IPHONE_IPAD = NO;
				SUPPORTS_XR_DESIGNED_FOR_IPHONE_IPAD = NO;
				SWIFT_EMIT_LOC_STRINGS = YES;
				SWIFT_VERSION = 5.0;
				TARGETED_DEVICE_FAMILY = 1;
			};
			name = Release;
		};
/* End XCBuildConfiguration section */

/* Begin XCConfigurationList section */
		0502F3372BC67B4200B89FE5 /* Build configuration list for PBXProject "SentiMate" */ = {
			isa = XCConfigurationList;
			buildConfigurations = (
				0502F3512BC67B4500B89FE5 /* Debug */,
				0502F3522BC67B4500B89FE5 /* Release */,
			);
			defaultConfigurationIsVisible = 0;
			defaultConfigurationName = Release;
		};
		0502F3532BC67B4500B89FE5 /* Build configuration list for PBXNativeTarget "SentiMate" */ = {
			isa = XCConfigurationList;
			buildConfigurations = (
				0502F3542BC67B4500B89FE5 /* Debug */,
				0502F3552BC67B4500B89FE5 /* Release */,
			);
			defaultConfigurationIsVisible = 0;
			defaultConfigurationName = Release;
		};
/* End XCConfigurationList section */

/* Begin XCRemoteSwiftPackageReference section */
		056844482BC81557004604E6 /* XCRemoteSwiftPackageReference "firebase-ios-sdk" */ = {
			isa = XCRemoteSwiftPackageReference;
			repositoryURL = "https://github.com/firebase/firebase-ios-sdk";
			requirement = {
				kind = upToNextMajorVersion;
				minimumVersion = 10.24.0;
			};
		};
/* End XCRemoteSwiftPackageReference section */

/* Begin XCSwiftPackageProductDependency section */
		056844492BC81557004604E6 /* FirebaseAnalytics */ = {
			isa = XCSwiftPackageProductDependency;
			package = 056844482BC81557004604E6 /* XCRemoteSwiftPackageReference "firebase-ios-sdk" */;
			productName = FirebaseAnalytics;
		};
		0568444B2BC81557004604E6 /* FirebaseAnalyticsOnDeviceConversion */ = {
			isa = XCSwiftPackageProductDependency;
			package = 056844482BC81557004604E6 /* XCRemoteSwiftPackageReference "firebase-ios-sdk" */;
			productName = FirebaseAnalyticsOnDeviceConversion;
		};
		0568444D2BC81557004604E6 /* FirebaseAnalyticsSwift */ = {
			isa = XCSwiftPackageProductDependency;
			package = 056844482BC81557004604E6 /* XCRemoteSwiftPackageReference "firebase-ios-sdk" */;
			productName = FirebaseAnalyticsSwift;
		};
		0568444F2BC81557004604E6 /* FirebaseAnalyticsWithoutAdIdSupport */ = {
			isa = XCSwiftPackageProductDependency;
			package = 056844482BC81557004604E6 /* XCRemoteSwiftPackageReference "firebase-ios-sdk" */;
			productName = FirebaseAnalyticsWithoutAdIdSupport;
		};
		056844512BC81557004604E6 /* FirebaseAppCheck */ = {
			isa = XCSwiftPackageProductDependency;
			package = 056844482BC81557004604E6 /* XCRemoteSwiftPackageReference "firebase-ios-sdk" */;
			productName = FirebaseAppCheck;
		};
		056844532BC81557004604E6 /* FirebaseAppDistribution-Beta */ = {
			isa = XCSwiftPackageProductDependency;
			package = 056844482BC81557004604E6 /* XCRemoteSwiftPackageReference "firebase-ios-sdk" */;
			productName = "FirebaseAppDistribution-Beta";
		};
		056844552BC81557004604E6 /* FirebaseAuth */ = {
			isa = XCSwiftPackageProductDependency;
			package = 056844482BC81557004604E6 /* XCRemoteSwiftPackageReference "firebase-ios-sdk" */;
			productName = FirebaseAuth;
		};
		056844572BC81557004604E6 /* FirebaseAuthCombine-Community */ = {
			isa = XCSwiftPackageProductDependency;
			package = 056844482BC81557004604E6 /* XCRemoteSwiftPackageReference "firebase-ios-sdk" */;
			productName = "FirebaseAuthCombine-Community";
		};
		056844592BC81557004604E6 /* FirebaseCrashlytics */ = {
			isa = XCSwiftPackageProductDependency;
			package = 056844482BC81557004604E6 /* XCRemoteSwiftPackageReference "firebase-ios-sdk" */;
			productName = FirebaseCrashlytics;
		};
		0568445B2BC81557004604E6 /* FirebaseDatabase */ = {
			isa = XCSwiftPackageProductDependency;
			package = 056844482BC81557004604E6 /* XCRemoteSwiftPackageReference "firebase-ios-sdk" */;
			productName = FirebaseDatabase;
		};
		0568445D2BC81557004604E6 /* FirebaseDatabaseSwift */ = {
			isa = XCSwiftPackageProductDependency;
			package = 056844482BC81557004604E6 /* XCRemoteSwiftPackageReference "firebase-ios-sdk" */;
			productName = FirebaseDatabaseSwift;
		};
		0568445F2BC81557004604E6 /* FirebaseDynamicLinks */ = {
			isa = XCSwiftPackageProductDependency;
			package = 056844482BC81557004604E6 /* XCRemoteSwiftPackageReference "firebase-ios-sdk" */;
			productName = FirebaseDynamicLinks;
		};
		056844612BC81557004604E6 /* FirebaseFirestore */ = {
			isa = XCSwiftPackageProductDependency;
			package = 056844482BC81557004604E6 /* XCRemoteSwiftPackageReference "firebase-ios-sdk" */;
			productName = FirebaseFirestore;
		};
		056844632BC81557004604E6 /* FirebaseFirestoreCombine-Community */ = {
			isa = XCSwiftPackageProductDependency;
			package = 056844482BC81557004604E6 /* XCRemoteSwiftPackageReference "firebase-ios-sdk" */;
			productName = "FirebaseFirestoreCombine-Community";
		};
		056844652BC81557004604E6 /* FirebaseFirestoreSwift */ = {
			isa = XCSwiftPackageProductDependency;
			package = 056844482BC81557004604E6 /* XCRemoteSwiftPackageReference "firebase-ios-sdk" */;
			productName = FirebaseFirestoreSwift;
		};
		056844672BC81557004604E6 /* FirebaseFunctions */ = {
			isa = XCSwiftPackageProductDependency;
			package = 056844482BC81557004604E6 /* XCRemoteSwiftPackageReference "firebase-ios-sdk" */;
			productName = FirebaseFunctions;
		};
		056844692BC81557004604E6 /* FirebaseFunctionsCombine-Community */ = {
			isa = XCSwiftPackageProductDependency;
			package = 056844482BC81557004604E6 /* XCRemoteSwiftPackageReference "firebase-ios-sdk" */;
			productName = "FirebaseFunctionsCombine-Community";
		};
		0568446B2BC81557004604E6 /* FirebaseInAppMessaging-Beta */ = {
			isa = XCSwiftPackageProductDependency;
			package = 056844482BC81557004604E6 /* XCRemoteSwiftPackageReference "firebase-ios-sdk" */;
			productName = "FirebaseInAppMessaging-Beta";
		};
		0568446D2BC81557004604E6 /* FirebaseInAppMessagingSwift-Beta */ = {
			isa = XCSwiftPackageProductDependency;
			package = 056844482BC81557004604E6 /* XCRemoteSwiftPackageReference "firebase-ios-sdk" */;
			productName = "FirebaseInAppMessagingSwift-Beta";
		};
		0568446F2BC81557004604E6 /* FirebaseInstallations */ = {
			isa = XCSwiftPackageProductDependency;
			package = 056844482BC81557004604E6 /* XCRemoteSwiftPackageReference "firebase-ios-sdk" */;
			productName = FirebaseInstallations;
		};
		056844712BC81557004604E6 /* FirebaseMLModelDownloader */ = {
			isa = XCSwiftPackageProductDependency;
			package = 056844482BC81557004604E6 /* XCRemoteSwiftPackageReference "firebase-ios-sdk" */;
			productName = FirebaseMLModelDownloader;
		};
		056844732BC81557004604E6 /* FirebaseMessaging */ = {
			isa = XCSwiftPackageProductDependency;
			package = 056844482BC81557004604E6 /* XCRemoteSwiftPackageReference "firebase-ios-sdk" */;
			productName = FirebaseMessaging;
		};
		056844752BC81557004604E6 /* FirebasePerformance */ = {
			isa = XCSwiftPackageProductDependency;
			package = 056844482BC81557004604E6 /* XCRemoteSwiftPackageReference "firebase-ios-sdk" */;
			productName = FirebasePerformance;
		};
		056844772BC81557004604E6 /* FirebaseRemoteConfig */ = {
			isa = XCSwiftPackageProductDependency;
			package = 056844482BC81557004604E6 /* XCRemoteSwiftPackageReference "firebase-ios-sdk" */;
			productName = FirebaseRemoteConfig;
		};
		056844792BC81557004604E6 /* FirebaseRemoteConfigSwift */ = {
			isa = XCSwiftPackageProductDependency;
			package = 056844482BC81557004604E6 /* XCRemoteSwiftPackageReference "firebase-ios-sdk" */;
			productName = FirebaseRemoteConfigSwift;
		};
		0568447B2BC81557004604E6 /* FirebaseStorage */ = {
			isa = XCSwiftPackageProductDependency;
			package = 056844482BC81557004604E6 /* XCRemoteSwiftPackageReference "firebase-ios-sdk" */;
			productName = FirebaseStorage;
		};
		0568447D2BC81557004604E6 /* FirebaseStorageCombine-Community */ = {
			isa = XCSwiftPackageProductDependency;
			package = 056844482BC81557004604E6 /* XCRemoteSwiftPackageReference "firebase-ios-sdk" */;
			productName = "FirebaseStorageCombine-Community";
		};
/* End XCSwiftPackageProductDependency section */

/* Begin XCVersionGroup section */
		0502F3482BC67B4200B89FE5 /* SentiMate.xcdatamodeld */ = {
			isa = XCVersionGroup;
			children = (
				0502F3492BC67B4200B89FE5 /* SentiMate.xcdatamodel */,
			);
			currentVersion = 0502F3492BC67B4200B89FE5 /* SentiMate.xcdatamodel */;
			path = SentiMate.xcdatamodeld;
			sourceTree = "<group>";
			versionGroupType = wrapper.xcdatamodel;
		};
/* End XCVersionGroup section */
	};
	rootObject = 0502F3342BC67B4200B89FE5 /* Project object */;
}
